// !$*UTF8*$!
{
	archiveVersion = 1;
	classes = {
	};
	objectVersion = 51;
	objects = {

/* Begin PBXBuildFile section */
		0C31D698252B7E560089253F /* Destination.swift in Sources */ = {isa = PBXBuildFile; fileRef = 0C31D696252B7E560089253F /* Destination.swift */; };
		0C31D699252B7E560089253F /* Destination.xib in Resources */ = {isa = PBXBuildFile; fileRef = 0C31D697252B7E560089253F /* Destination.xib */; };
		0C531429252727680032C27F /* RegistrationTwoController.swift in Sources */ = {isa = PBXBuildFile; fileRef = 0C531427252727680032C27F /* RegistrationTwoController.swift */; };
		0C53142A252727680032C27F /* RegistrationTwoController.xib in Resources */ = {isa = PBXBuildFile; fileRef = 0C531428252727680032C27F /* RegistrationTwoController.xib */; };
		0C893103251B5065001E17AD /* CampaignController.swift in Sources */ = {isa = PBXBuildFile; fileRef = 0C893101251B5065001E17AD /* CampaignController.swift */; };
		0C893104251B5066001E17AD /* CampaignController.xib in Resources */ = {isa = PBXBuildFile; fileRef = 0C893102251B5065001E17AD /* CampaignController.xib */; };
		0C89310D251B6D9A001E17AD /* RegistrationController.swift in Sources */ = {isa = PBXBuildFile; fileRef = 0C89310B251B6D9A001E17AD /* RegistrationController.swift */; };
		0C89310E251B6D9A001E17AD /* RegistrationController.xib in Resources */ = {isa = PBXBuildFile; fileRef = 0C89310C251B6D9A001E17AD /* RegistrationController.xib */; };
		0C893111251BAF1C001E17AD /* CampaignTwo.swift in Sources */ = {isa = PBXBuildFile; fileRef = 0C89310F251BAF1C001E17AD /* CampaignTwo.swift */; };
		0C893112251BAF1C001E17AD /* CampaignTwo.xib in Resources */ = {isa = PBXBuildFile; fileRef = 0C893110251BAF1C001E17AD /* CampaignTwo.xib */; };
		0C893119251E1546001E17AD /* CampaignThree.swift in Sources */ = {isa = PBXBuildFile; fileRef = 0C893117251E1546001E17AD /* CampaignThree.swift */; };
		0C89311A251E1546001E17AD /* CampaignThree.xib in Resources */ = {isa = PBXBuildFile; fileRef = 0C893118251E1546001E17AD /* CampaignThree.xib */; };
		0C98F6842524BA8100000F35 /* LoginController.swift in Sources */ = {isa = PBXBuildFile; fileRef = 0C98F6822524BA8100000F35 /* LoginController.swift */; };
		0C98F6852524BA8100000F35 /* LoginController.xib in Resources */ = {isa = PBXBuildFile; fileRef = 0C98F6832524BA8100000F35 /* LoginController.xib */; };
		0C98F68B2524E0CD00000F35 /* OTPController.swift in Sources */ = {isa = PBXBuildFile; fileRef = 0C98F6892524E0CD00000F35 /* OTPController.swift */; };
		0C98F68C2524E0CD00000F35 /* OTPController.xib in Resources */ = {isa = PBXBuildFile; fileRef = 0C98F68A2524E0CD00000F35 /* OTPController.xib */; };
		0CF160E1253DA51300250C6F /* DestinationCell.swift in Sources */ = {isa = PBXBuildFile; fileRef = 0CF160DF253DA51200250C6F /* DestinationCell.swift */; };
		0CF160E2253DA51300250C6F /* DestinationCell.xib in Resources */ = {isa = PBXBuildFile; fileRef = 0CF160E0253DA51300250C6F /* DestinationCell.xib */; };
		3B4D36E924AE6B838280A360 /* Pods_GariHub_GariHubUITests.framework in Frameworks */ = {isa = PBXBuildFile; fileRef = D3FE02584A6FADE7DB446AD1 /* Pods_GariHub_GariHubUITests.framework */; };
		AD370955F04819D001D7AF2B /* Pods_GariHubTests.framework in Frameworks */ = {isa = PBXBuildFile; fileRef = 16C16092703D653BFC0283B9 /* Pods_GariHubTests.framework */; };
		D107220747B43223C582B4BF /* Pods_GariHub.framework in Frameworks */ = {isa = PBXBuildFile; fileRef = 1595DA2EA72D7C064B2F22E5 /* Pods_GariHub.framework */; };
		FA22F276255533A00045618C /* PickupLocationView.swift in Sources */ = {isa = PBXBuildFile; fileRef = FA22F275255533A00045618C /* PickupLocationView.swift */; };
		FA22F278255533C30045618C /* PickupLocationView.xib in Resources */ = {isa = PBXBuildFile; fileRef = FA22F277255533C30045618C /* PickupLocationView.xib */; };
		FA22F27A25553AC80045618C /* UIView+.swift in Sources */ = {isa = PBXBuildFile; fileRef = FA22F27925553AC80045618C /* UIView+.swift */; };
		FA22F27C25553C5F0045618C /* ModalControllerDelegate.swift in Sources */ = {isa = PBXBuildFile; fileRef = FA22F27B25553C5F0045618C /* ModalControllerDelegate.swift */; };
		FA22F27E25553DA70045618C /* BaseViewController.swift in Sources */ = {isa = PBXBuildFile; fileRef = FA22F27D25553DA70045618C /* BaseViewController.swift */; };
		FA22F28025553F070045618C /* ModalTransitioningDelegate.swift in Sources */ = {isa = PBXBuildFile; fileRef = FA22F27F25553F070045618C /* ModalTransitioningDelegate.swift */; };
		FA22F282255542EB0045618C /* ModalInteractiveTransition.swift in Sources */ = {isa = PBXBuildFile; fileRef = FA22F281255542EB0045618C /* ModalInteractiveTransition.swift */; };
		FA22F284255542FB0045618C /* ModalTransitionAnimator.swift in Sources */ = {isa = PBXBuildFile; fileRef = FA22F283255542FB0045618C /* ModalTransitionAnimator.swift */; };
		FA22F2862555431C0045618C /* ModalPresentationController.swift in Sources */ = {isa = PBXBuildFile; fileRef = FA22F2852555431C0045618C /* ModalPresentationController.swift */; };
		FA293FA7251E410D00BC00AD /* Spinner.swift in Sources */ = {isa = PBXBuildFile; fileRef = FA293FA6251E410D00BC00AD /* Spinner.swift */; };
		FA2D0962252C729700212F6D /* ResetPasswordController.swift in Sources */ = {isa = PBXBuildFile; fileRef = FA2D0960252C729700212F6D /* ResetPasswordController.swift */; };
		FA2D0963252C729700212F6D /* ResetPasswordController.xib in Resources */ = {isa = PBXBuildFile; fileRef = FA2D0961252C729700212F6D /* ResetPasswordController.xib */; };
		FA2D096A252CB0E300212F6D /* DashboardCell.swift in Sources */ = {isa = PBXBuildFile; fileRef = FA2D0968252CB0E300212F6D /* DashboardCell.swift */; };
		FA2D096B252CB0E300212F6D /* DashboardCell.xib in Resources */ = {isa = PBXBuildFile; fileRef = FA2D0969252CB0E300212F6D /* DashboardCell.xib */; };
		FA2D096E252F3D5800212F6D /* Location.swift in Sources */ = {isa = PBXBuildFile; fileRef = FA2D096D252F3D5800212F6D /* Location.swift */; };
		FA41DD7D2529E909006C1F4B /* PasswordRegViewModel.swift in Sources */ = {isa = PBXBuildFile; fileRef = FA41DD7C2529E909006C1F4B /* PasswordRegViewModel.swift */; };
		FA41DD822529F075006C1F4B /* DashboardController.swift in Sources */ = {isa = PBXBuildFile; fileRef = FA41DD802529F075006C1F4B /* DashboardController.swift */; };
		FA41DD832529F075006C1F4B /* DashboardController.xib in Resources */ = {isa = PBXBuildFile; fileRef = FA41DD812529F075006C1F4B /* DashboardController.xib */; };
		FA41DD852529F54F006C1F4B /* DashboardViewModel.swift in Sources */ = {isa = PBXBuildFile; fileRef = FA41DD842529F54F006C1F4B /* DashboardViewModel.swift */; };
		FA47DB9F252750DA006FA060 /* EmailRegisterController.swift in Sources */ = {isa = PBXBuildFile; fileRef = FA47DB9D252750DA006FA060 /* EmailRegisterController.swift */; };
		FA47DBA0252750DA006FA060 /* EmailRegisterController.xib in Resources */ = {isa = PBXBuildFile; fileRef = FA47DB9E252750DA006FA060 /* EmailRegisterController.xib */; };
		FA47DBA32527543F006FA060 /* PasswordRegisterController.swift in Sources */ = {isa = PBXBuildFile; fileRef = FA47DBA12527543F006FA060 /* PasswordRegisterController.swift */; };
		FA47DBA42527543F006FA060 /* PasswordRegisterController.xib in Resources */ = {isa = PBXBuildFile; fileRef = FA47DBA22527543F006FA060 /* PasswordRegisterController.xib */; };
		FA47DBA62527597D006FA060 /* RegisterRequest.swift in Sources */ = {isa = PBXBuildFile; fileRef = FA47DBA52527597D006FA060 /* RegisterRequest.swift */; };
		FA47DBAA252764F2006FA060 /* GariHubClient.swift in Sources */ = {isa = PBXBuildFile; fileRef = FA47DBA9252764F2006FA060 /* GariHubClient.swift */; };
		FA47DBAC2527679C006FA060 /* OTPViewModel.swift in Sources */ = {isa = PBXBuildFile; fileRef = FA47DBAB2527679C006FA060 /* OTPViewModel.swift */; };
		FA47DBAE252769B9006FA060 /* OTPRequest.swift in Sources */ = {isa = PBXBuildFile; fileRef = FA47DBAD252769B9006FA060 /* OTPRequest.swift */; };
		FA47DBB12527707C006FA060 /* OnboardingCoordinator.swift in Sources */ = {isa = PBXBuildFile; fileRef = FA47DBB02527707C006FA060 /* OnboardingCoordinator.swift */; };
		FA47DBB32527804B006FA060 /* RegTwoViewModel.swift in Sources */ = {isa = PBXBuildFile; fileRef = FA47DBB22527804B006FA060 /* RegTwoViewModel.swift */; };
		FA47DBB52527862D006FA060 /* EmailRegViewModel.swift in Sources */ = {isa = PBXBuildFile; fileRef = FA47DBB42527862D006FA060 /* EmailRegViewModel.swift */; };
		FA505B66257CF24200EBD239 /* Animation+.swift in Sources */ = {isa = PBXBuildFile; fileRef = FA505B65257CF24100EBD239 /* Animation+.swift */; };
		FA5D8C78256D329F009A7597 /* GoogleService-Info.plist in Resources */ = {isa = PBXBuildFile; fileRef = FA5D8C77256D329E009A7597 /* GoogleService-Info.plist */; };
		FA7FC533251E2FDE0081A19A /* ValidatePhoneRequest.swift in Sources */ = {isa = PBXBuildFile; fileRef = FA7FC532251E2FDE0081A19A /* ValidatePhoneRequest.swift */; };
		FA7FC536251E32300081A19A /* RegistrationViewModel.swift in Sources */ = {isa = PBXBuildFile; fileRef = FA7FC535251E32300081A19A /* RegistrationViewModel.swift */; };
		FA7FC538251E329E0081A19A /* BaseAuthModel.swift in Sources */ = {isa = PBXBuildFile; fileRef = FA7FC537251E329E0081A19A /* BaseAuthModel.swift */; };
		FA882E742525BDDF00AC4776 /* UIViewController+.swift in Sources */ = {isa = PBXBuildFile; fileRef = FA882E732525BDDF00AC4776 /* UIViewController+.swift */; };
		FA882E762525C53900AC4776 /* ClassNameProtocol.swift in Sources */ = {isa = PBXBuildFile; fileRef = FA882E752525C53900AC4776 /* ClassNameProtocol.swift */; };
		FA882E782525C80B00AC4776 /* UITextField.swift in Sources */ = {isa = PBXBuildFile; fileRef = FA882E772525C80B00AC4776 /* UITextField.swift */; };
		FA882E7A2525CA2D00AC4776 /* LoginRequest.swift in Sources */ = {isa = PBXBuildFile; fileRef = FA882E792525CA2D00AC4776 /* LoginRequest.swift */; };
		FA8AFA35254C061700C7A37E /* BaseTextFieldController.swift in Sources */ = {isa = PBXBuildFile; fileRef = FA8AFA34254C061700C7A37E /* BaseTextFieldController.swift */; };
		FA8AFA37254C066400C7A37E /* UIColor+.swift in Sources */ = {isa = PBXBuildFile; fileRef = FA8AFA36254C066400C7A37E /* UIColor+.swift */; };
		FA97FC0C2585021F00C6ABF3 /* Sockets.swift in Sources */ = {isa = PBXBuildFile; fileRef = FA97FC0B2585021F00C6ABF3 /* Sockets.swift */; };
		FA9F4E652562927C0053D9BF /* SelectVehicleController.swift in Sources */ = {isa = PBXBuildFile; fileRef = FA9F4E632562927C0053D9BF /* SelectVehicleController.swift */; };
		FA9F4E662562927C0053D9BF /* SelectVehicleController.xib in Resources */ = {isa = PBXBuildFile; fileRef = FA9F4E642562927C0053D9BF /* SelectVehicleController.xib */; };
		FA9F4E6925629E9D0053D9BF /* SelectVehicleCell.swift in Sources */ = {isa = PBXBuildFile; fileRef = FA9F4E6725629E9D0053D9BF /* SelectVehicleCell.swift */; };
		FA9F4E6A25629E9D0053D9BF /* SelectVehicleCell.xib in Resources */ = {isa = PBXBuildFile; fileRef = FA9F4E6825629E9D0053D9BF /* SelectVehicleCell.xib */; };
		FAA769782514D03D00750625 /* AppDelegate.swift in Sources */ = {isa = PBXBuildFile; fileRef = FAA769772514D03D00750625 /* AppDelegate.swift */; };
		FAA769812514D03F00750625 /* Assets.xcassets in Resources */ = {isa = PBXBuildFile; fileRef = FAA769802514D03F00750625 /* Assets.xcassets */; };
		FAA769842514D03F00750625 /* LaunchScreen.storyboard in Resources */ = {isa = PBXBuildFile; fileRef = FAA769822514D03F00750625 /* LaunchScreen.storyboard */; };
		FAA7698F2514D04000750625 /* GariHubTests.swift in Sources */ = {isa = PBXBuildFile; fileRef = FAA7698E2514D04000750625 /* GariHubTests.swift */; };
		FAA7699A2514D04000750625 /* GariHubUITests.swift in Sources */ = {isa = PBXBuildFile; fileRef = FAA769992514D04000750625 /* GariHubUITests.swift */; };
		FAA769AA2514D0C500750625 /* LandingController.swift in Sources */ = {isa = PBXBuildFile; fileRef = FAA769A82514D0C500750625 /* LandingController.swift */; };
		FAA769AB2514D0C500750625 /* LandingController.xib in Resources */ = {isa = PBXBuildFile; fileRef = FAA769A92514D0C500750625 /* LandingController.xib */; };
		FAA88CF925879B330009C939 /* SideMenuCell.swift in Sources */ = {isa = PBXBuildFile; fileRef = FAA88CF725879B330009C939 /* SideMenuCell.swift */; };
		FAA88CFA25879B330009C939 /* SideMenuCell.xib in Resources */ = {isa = PBXBuildFile; fileRef = FAA88CF825879B330009C939 /* SideMenuCell.xib */; };
		FAA8B24325528FC5001484E7 /* MapsController.swift in Sources */ = {isa = PBXBuildFile; fileRef = FAA8B24125528FC5001484E7 /* MapsController.swift */; };
		FAA8B24425528FC5001484E7 /* MapsController.xib in Resources */ = {isa = PBXBuildFile; fileRef = FAA8B24225528FC5001484E7 /* MapsController.xib */; };
		FAA8B24725529235001484E7 /* MapsViewModel.swift in Sources */ = {isa = PBXBuildFile; fileRef = FAA8B24625529235001484E7 /* MapsViewModel.swift */; };
		FAB60275257D181E0015B609 /* HomeCoordinator.swift in Sources */ = {isa = PBXBuildFile; fileRef = FAB60274257D181E0015B609 /* HomeCoordinator.swift */; };
		FAB60277257D20550015B609 /* AppCoordinator.swift in Sources */ = {isa = PBXBuildFile; fileRef = FAB60276257D20550015B609 /* AppCoordinator.swift */; };
		FAB652F5251E2C8B00D93C2B /* AuthTarget.swift in Sources */ = {isa = PBXBuildFile; fileRef = FAB652F4251E2C8A00D93C2B /* AuthTarget.swift */; };
		FAD1C10A255E9DD7002A4897 /* BookRideViewModel.swift in Sources */ = {isa = PBXBuildFile; fileRef = FAD1C109255E9DD7002A4897 /* BookRideViewModel.swift */; };
		FAD965B3254ADCA7004F4C70 /* DestinationViewModel.swift in Sources */ = {isa = PBXBuildFile; fileRef = FAD965B2254ADCA6004F4C70 /* DestinationViewModel.swift */; };
		FADE53262564094D007A4BD2 /* DriverLocationController.swift in Sources */ = {isa = PBXBuildFile; fileRef = FADE53242564094D007A4BD2 /* DriverLocationController.swift */; };
		FADE53272564094D007A4BD2 /* DriverLocationController.xib in Resources */ = {isa = PBXBuildFile; fileRef = FADE53252564094D007A4BD2 /* DriverLocationController.xib */; };
		FADE532A256412D6007A4BD2 /* GetLocationController.swift in Sources */ = {isa = PBXBuildFile; fileRef = FADE5328256412D6007A4BD2 /* GetLocationController.swift */; };
		FADE532B256412D6007A4BD2 /* GetLocationController.xib in Resources */ = {isa = PBXBuildFile; fileRef = FADE5329256412D6007A4BD2 /* GetLocationController.xib */; };
		FADE532E25641B15007A4BD2 /* DriverFoundController.swift in Sources */ = {isa = PBXBuildFile; fileRef = FADE532C25641B15007A4BD2 /* DriverFoundController.swift */; };
		FADE532F25641B15007A4BD2 /* DriverFoundController.xib in Resources */ = {isa = PBXBuildFile; fileRef = FADE532D25641B15007A4BD2 /* DriverFoundController.xib */; };
		FADE533225641E45007A4BD2 /* DriverInfoController.swift in Sources */ = {isa = PBXBuildFile; fileRef = FADE533025641E45007A4BD2 /* DriverInfoController.swift */; };
		FADE533325641E45007A4BD2 /* DriverInfoController.xib in Resources */ = {isa = PBXBuildFile; fileRef = FADE533125641E45007A4BD2 /* DriverInfoController.xib */; };
		FADE533525643E36007A4BD2 /* BookRideRequest.swift in Sources */ = {isa = PBXBuildFile; fileRef = FADE533425643E36007A4BD2 /* BookRideRequest.swift */; };
		FADE53372565177B007A4BD2 /* RidesTarget.swift in Sources */ = {isa = PBXBuildFile; fileRef = FADE53362565177B007A4BD2 /* RidesTarget.swift */; };
		FADE533925653996007A4BD2 /* SelectVehicleViewModel.swift in Sources */ = {isa = PBXBuildFile; fileRef = FADE533825653996007A4BD2 /* SelectVehicleViewModel.swift */; };
		FADE533B25654388007A4BD2 /* DriverDetailResponse.swift in Sources */ = {isa = PBXBuildFile; fileRef = FADE533A25654388007A4BD2 /* DriverDetailResponse.swift */; };
		FAEFF057252C6D8E003F222A /* LoginViewModel.swift in Sources */ = {isa = PBXBuildFile; fileRef = FAEFF056252C6D8E003F222A /* LoginViewModel.swift */; };
		FAF7BDB2256E785D00160211 /* SideMenuController.swift in Sources */ = {isa = PBXBuildFile; fileRef = FAF7BDB0256E785D00160211 /* SideMenuController.swift */; };
		FAF7BDB3256E785D00160211 /* SideMenuController.xib in Resources */ = {isa = PBXBuildFile; fileRef = FAF7BDB1256E785D00160211 /* SideMenuController.xib */; };
		FAF7BDB5256E862B00160211 /* SideMenuViewModel.swift in Sources */ = {isa = PBXBuildFile; fileRef = FAF7BDB4256E862B00160211 /* SideMenuViewModel.swift */; };
		FAF7BDB7256E889000160211 /* SideMenuCoordinator.swift in Sources */ = {isa = PBXBuildFile; fileRef = FAF7BDB6256E889000160211 /* SideMenuCoordinator.swift */; };
		FAFE78AB2553E7F60082D053 /* BookRideController.swift in Sources */ = {isa = PBXBuildFile; fileRef = FAFE78A92553E7F60082D053 /* BookRideController.swift */; };
		FAFE78AC2553E7F60082D053 /* BookRideController.xib in Resources */ = {isa = PBXBuildFile; fileRef = FAFE78AA2553E7F60082D053 /* BookRideController.xib */; };
		FAFE78AF2553F5DF0082D053 /* PickupLocationController.swift in Sources */ = {isa = PBXBuildFile; fileRef = FAFE78AD2553F5DF0082D053 /* PickupLocationController.swift */; };
		FAFE78B02553F5DF0082D053 /* PickupLocationController.xib in Resources */ = {isa = PBXBuildFile; fileRef = FAFE78AE2553F5DF0082D053 /* PickupLocationController.xib */; };
/* End PBXBuildFile section */

/* Begin PBXContainerItemProxy section */
		FAA7698B2514D04000750625 /* PBXContainerItemProxy */ = {
			isa = PBXContainerItemProxy;
			containerPortal = FAA7696C2514D03D00750625 /* Project object */;
			proxyType = 1;
			remoteGlobalIDString = FAA769732514D03D00750625;
			remoteInfo = GariHub;
		};
		FAA769962514D04000750625 /* PBXContainerItemProxy */ = {
			isa = PBXContainerItemProxy;
			containerPortal = FAA7696C2514D03D00750625 /* Project object */;
			proxyType = 1;
			remoteGlobalIDString = FAA769732514D03D00750625;
			remoteInfo = GariHub;
		};
/* End PBXContainerItemProxy section */

/* Begin PBXFileReference section */
		0C31D696252B7E560089253F /* Destination.swift */ = {isa = PBXFileReference; lastKnownFileType = sourcecode.swift; path = Destination.swift; sourceTree = "<group>"; };
		0C31D697252B7E560089253F /* Destination.xib */ = {isa = PBXFileReference; lastKnownFileType = file.xib; path = Destination.xib; sourceTree = "<group>"; };
		0C531427252727680032C27F /* RegistrationTwoController.swift */ = {isa = PBXFileReference; lastKnownFileType = sourcecode.swift; path = RegistrationTwoController.swift; sourceTree = "<group>"; };
		0C531428252727680032C27F /* RegistrationTwoController.xib */ = {isa = PBXFileReference; lastKnownFileType = file.xib; path = RegistrationTwoController.xib; sourceTree = "<group>"; };
		0C893101251B5065001E17AD /* CampaignController.swift */ = {isa = PBXFileReference; lastKnownFileType = sourcecode.swift; path = CampaignController.swift; sourceTree = "<group>"; };
		0C893102251B5065001E17AD /* CampaignController.xib */ = {isa = PBXFileReference; lastKnownFileType = file.xib; path = CampaignController.xib; sourceTree = "<group>"; };
		0C89310B251B6D9A001E17AD /* RegistrationController.swift */ = {isa = PBXFileReference; lastKnownFileType = sourcecode.swift; path = RegistrationController.swift; sourceTree = "<group>"; };
		0C89310C251B6D9A001E17AD /* RegistrationController.xib */ = {isa = PBXFileReference; lastKnownFileType = file.xib; path = RegistrationController.xib; sourceTree = "<group>"; };
		0C89310F251BAF1C001E17AD /* CampaignTwo.swift */ = {isa = PBXFileReference; lastKnownFileType = sourcecode.swift; path = CampaignTwo.swift; sourceTree = "<group>"; };
		0C893110251BAF1C001E17AD /* CampaignTwo.xib */ = {isa = PBXFileReference; lastKnownFileType = file.xib; path = CampaignTwo.xib; sourceTree = "<group>"; };
		0C893117251E1546001E17AD /* CampaignThree.swift */ = {isa = PBXFileReference; lastKnownFileType = sourcecode.swift; path = CampaignThree.swift; sourceTree = "<group>"; };
		0C893118251E1546001E17AD /* CampaignThree.xib */ = {isa = PBXFileReference; lastKnownFileType = file.xib; path = CampaignThree.xib; sourceTree = "<group>"; };
		0C98F6822524BA8100000F35 /* LoginController.swift */ = {isa = PBXFileReference; lastKnownFileType = sourcecode.swift; path = LoginController.swift; sourceTree = "<group>"; };
		0C98F6832524BA8100000F35 /* LoginController.xib */ = {isa = PBXFileReference; lastKnownFileType = file.xib; path = LoginController.xib; sourceTree = "<group>"; };
		0C98F6892524E0CD00000F35 /* OTPController.swift */ = {isa = PBXFileReference; lastKnownFileType = sourcecode.swift; path = OTPController.swift; sourceTree = "<group>"; };
		0C98F68A2524E0CD00000F35 /* OTPController.xib */ = {isa = PBXFileReference; lastKnownFileType = file.xib; path = OTPController.xib; sourceTree = "<group>"; };
		0CF160DF253DA51200250C6F /* DestinationCell.swift */ = {isa = PBXFileReference; lastKnownFileType = sourcecode.swift; path = DestinationCell.swift; sourceTree = "<group>"; };
		0CF160E0253DA51300250C6F /* DestinationCell.xib */ = {isa = PBXFileReference; lastKnownFileType = file.xib; path = DestinationCell.xib; sourceTree = "<group>"; };
		1595DA2EA72D7C064B2F22E5 /* Pods_GariHub.framework */ = {isa = PBXFileReference; explicitFileType = wrapper.framework; includeInIndex = 0; path = Pods_GariHub.framework; sourceTree = BUILT_PRODUCTS_DIR; };
		16C16092703D653BFC0283B9 /* Pods_GariHubTests.framework */ = {isa = PBXFileReference; explicitFileType = wrapper.framework; includeInIndex = 0; path = Pods_GariHubTests.framework; sourceTree = BUILT_PRODUCTS_DIR; };
		170F2178DC7A9632DAF7E1F0 /* Pods-GariHubTests.release.xcconfig */ = {isa = PBXFileReference; includeInIndex = 1; lastKnownFileType = text.xcconfig; name = "Pods-GariHubTests.release.xcconfig"; path = "Target Support Files/Pods-GariHubTests/Pods-GariHubTests.release.xcconfig"; sourceTree = "<group>"; };
		43CF63A1EB5595FF670E692D /* Pods-GariHubTests.debug.xcconfig */ = {isa = PBXFileReference; includeInIndex = 1; lastKnownFileType = text.xcconfig; name = "Pods-GariHubTests.debug.xcconfig"; path = "Target Support Files/Pods-GariHubTests/Pods-GariHubTests.debug.xcconfig"; sourceTree = "<group>"; };
		5A395FAB874733629ED1E177 /* Pods-GariHub-GariHubUITests.debug.xcconfig */ = {isa = PBXFileReference; includeInIndex = 1; lastKnownFileType = text.xcconfig; name = "Pods-GariHub-GariHubUITests.debug.xcconfig"; path = "Target Support Files/Pods-GariHub-GariHubUITests/Pods-GariHub-GariHubUITests.debug.xcconfig"; sourceTree = "<group>"; };
		D3FE02584A6FADE7DB446AD1 /* Pods_GariHub_GariHubUITests.framework */ = {isa = PBXFileReference; explicitFileType = wrapper.framework; includeInIndex = 0; path = Pods_GariHub_GariHubUITests.framework; sourceTree = BUILT_PRODUCTS_DIR; };
		E065748435A875FE58E49C79 /* Pods-GariHub.debug.xcconfig */ = {isa = PBXFileReference; includeInIndex = 1; lastKnownFileType = text.xcconfig; name = "Pods-GariHub.debug.xcconfig"; path = "Target Support Files/Pods-GariHub/Pods-GariHub.debug.xcconfig"; sourceTree = "<group>"; };
		F0CE8A8AC63FB5C463002F52 /* Pods-GariHub.release.xcconfig */ = {isa = PBXFileReference; includeInIndex = 1; lastKnownFileType = text.xcconfig; name = "Pods-GariHub.release.xcconfig"; path = "Target Support Files/Pods-GariHub/Pods-GariHub.release.xcconfig"; sourceTree = "<group>"; };
		F581D53E9CA3AF5522F20C9F /* Pods-GariHub-GariHubUITests.release.xcconfig */ = {isa = PBXFileReference; includeInIndex = 1; lastKnownFileType = text.xcconfig; name = "Pods-GariHub-GariHubUITests.release.xcconfig"; path = "Target Support Files/Pods-GariHub-GariHubUITests/Pods-GariHub-GariHubUITests.release.xcconfig"; sourceTree = "<group>"; };
		FA22F275255533A00045618C /* PickupLocationView.swift */ = {isa = PBXFileReference; lastKnownFileType = sourcecode.swift; path = PickupLocationView.swift; sourceTree = "<group>"; };
		FA22F277255533C30045618C /* PickupLocationView.xib */ = {isa = PBXFileReference; lastKnownFileType = file.xib; path = PickupLocationView.xib; sourceTree = "<group>"; };
		FA22F27925553AC80045618C /* UIView+.swift */ = {isa = PBXFileReference; lastKnownFileType = sourcecode.swift; path = "UIView+.swift"; sourceTree = "<group>"; };
		FA22F27B25553C5F0045618C /* ModalControllerDelegate.swift */ = {isa = PBXFileReference; lastKnownFileType = sourcecode.swift; path = ModalControllerDelegate.swift; sourceTree = "<group>"; };
		FA22F27D25553DA70045618C /* BaseViewController.swift */ = {isa = PBXFileReference; lastKnownFileType = sourcecode.swift; path = BaseViewController.swift; sourceTree = "<group>"; };
		FA22F27F25553F070045618C /* ModalTransitioningDelegate.swift */ = {isa = PBXFileReference; fileEncoding = 4; lastKnownFileType = sourcecode.swift; name = ModalTransitioningDelegate.swift; path = "../../../../NRS/nrs-ios/nrs/Utils/UIKit+/ModalViewController/ModalTransitioningDelegate.swift"; sourceTree = "<group>"; };
		FA22F281255542EB0045618C /* ModalInteractiveTransition.swift */ = {isa = PBXFileReference; fileEncoding = 4; lastKnownFileType = sourcecode.swift; name = ModalInteractiveTransition.swift; path = "../../../../NRS/nrs-ios/nrs/Utils/UIKit+/ModalViewController/ModalInteractiveTransition.swift"; sourceTree = "<group>"; };
		FA22F283255542FB0045618C /* ModalTransitionAnimator.swift */ = {isa = PBXFileReference; fileEncoding = 4; lastKnownFileType = sourcecode.swift; name = ModalTransitionAnimator.swift; path = "../../../../NRS/nrs-ios/nrs/Utils/UIKit+/ModalViewController/ModalTransitionAnimator.swift"; sourceTree = "<group>"; };
		FA22F2852555431C0045618C /* ModalPresentationController.swift */ = {isa = PBXFileReference; fileEncoding = 4; lastKnownFileType = sourcecode.swift; name = ModalPresentationController.swift; path = "../../../../NRS/nrs-ios/nrs/Utils/UIKit+/ModalViewController/ModalPresentationController.swift"; sourceTree = "<group>"; };
		FA293FA6251E410D00BC00AD /* Spinner.swift */ = {isa = PBXFileReference; lastKnownFileType = sourcecode.swift; path = Spinner.swift; sourceTree = "<group>"; };
		FA2D0960252C729700212F6D /* ResetPasswordController.swift */ = {isa = PBXFileReference; lastKnownFileType = sourcecode.swift; path = ResetPasswordController.swift; sourceTree = "<group>"; };
		FA2D0961252C729700212F6D /* ResetPasswordController.xib */ = {isa = PBXFileReference; lastKnownFileType = file.xib; path = ResetPasswordController.xib; sourceTree = "<group>"; };
		FA2D0968252CB0E300212F6D /* DashboardCell.swift */ = {isa = PBXFileReference; lastKnownFileType = sourcecode.swift; path = DashboardCell.swift; sourceTree = "<group>"; };
		FA2D0969252CB0E300212F6D /* DashboardCell.xib */ = {isa = PBXFileReference; lastKnownFileType = file.xib; path = DashboardCell.xib; sourceTree = "<group>"; };
		FA2D096D252F3D5800212F6D /* Location.swift */ = {isa = PBXFileReference; lastKnownFileType = sourcecode.swift; path = Location.swift; sourceTree = "<group>"; };
		FA41DD7C2529E909006C1F4B /* PasswordRegViewModel.swift */ = {isa = PBXFileReference; lastKnownFileType = sourcecode.swift; path = PasswordRegViewModel.swift; sourceTree = "<group>"; };
		FA41DD802529F075006C1F4B /* DashboardController.swift */ = {isa = PBXFileReference; lastKnownFileType = sourcecode.swift; path = DashboardController.swift; sourceTree = "<group>"; };
		FA41DD812529F075006C1F4B /* DashboardController.xib */ = {isa = PBXFileReference; lastKnownFileType = file.xib; path = DashboardController.xib; sourceTree = "<group>"; };
		FA41DD842529F54F006C1F4B /* DashboardViewModel.swift */ = {isa = PBXFileReference; lastKnownFileType = sourcecode.swift; path = DashboardViewModel.swift; sourceTree = "<group>"; };
		FA47DB9D252750DA006FA060 /* EmailRegisterController.swift */ = {isa = PBXFileReference; lastKnownFileType = sourcecode.swift; path = EmailRegisterController.swift; sourceTree = "<group>"; };
		FA47DB9E252750DA006FA060 /* EmailRegisterController.xib */ = {isa = PBXFileReference; lastKnownFileType = file.xib; path = EmailRegisterController.xib; sourceTree = "<group>"; };
		FA47DBA12527543F006FA060 /* PasswordRegisterController.swift */ = {isa = PBXFileReference; lastKnownFileType = sourcecode.swift; path = PasswordRegisterController.swift; sourceTree = "<group>"; };
		FA47DBA22527543F006FA060 /* PasswordRegisterController.xib */ = {isa = PBXFileReference; lastKnownFileType = file.xib; path = PasswordRegisterController.xib; sourceTree = "<group>"; };
		FA47DBA52527597D006FA060 /* RegisterRequest.swift */ = {isa = PBXFileReference; lastKnownFileType = sourcecode.swift; name = RegisterRequest.swift; path = GariHub/Views/Register/RegisterRequest.swift; sourceTree = SOURCE_ROOT; };
		FA47DBA9252764F2006FA060 /* GariHubClient.swift */ = {isa = PBXFileReference; lastKnownFileType = sourcecode.swift; path = GariHubClient.swift; sourceTree = "<group>"; };
		FA47DBAB2527679C006FA060 /* OTPViewModel.swift */ = {isa = PBXFileReference; lastKnownFileType = sourcecode.swift; path = OTPViewModel.swift; sourceTree = "<group>"; };
		FA47DBAD252769B9006FA060 /* OTPRequest.swift */ = {isa = PBXFileReference; lastKnownFileType = sourcecode.swift; name = OTPRequest.swift; path = GariHub/Views/OTP/OTPRequest.swift; sourceTree = SOURCE_ROOT; };
		FA47DBB02527707C006FA060 /* OnboardingCoordinator.swift */ = {isa = PBXFileReference; lastKnownFileType = sourcecode.swift; path = OnboardingCoordinator.swift; sourceTree = "<group>"; };
		FA47DBB22527804B006FA060 /* RegTwoViewModel.swift */ = {isa = PBXFileReference; lastKnownFileType = sourcecode.swift; path = RegTwoViewModel.swift; sourceTree = "<group>"; };
		FA47DBB42527862D006FA060 /* EmailRegViewModel.swift */ = {isa = PBXFileReference; lastKnownFileType = sourcecode.swift; path = EmailRegViewModel.swift; sourceTree = "<group>"; };
		FA505B65257CF24100EBD239 /* Animation+.swift */ = {isa = PBXFileReference; fileEncoding = 4; lastKnownFileType = sourcecode.swift; name = "Animation+.swift"; path = "../../../../NRS/nrs-ios/nrs/Utils/UIKit+/XCoordinator+/Animation+.swift"; sourceTree = "<group>"; };
		FA5D8C77256D329E009A7597 /* GoogleService-Info.plist */ = {isa = PBXFileReference; fileEncoding = 4; lastKnownFileType = text.plist.xml; name = "GoogleService-Info.plist"; path = "../../../../Downloads/GoogleService-Info.plist"; sourceTree = "<group>"; };
		FA7FC532251E2FDE0081A19A /* ValidatePhoneRequest.swift */ = {isa = PBXFileReference; lastKnownFileType = sourcecode.swift; name = ValidatePhoneRequest.swift; path = GariHub/Views/ValidatePhoneRequest.swift; sourceTree = SOURCE_ROOT; };
		FA7FC535251E32300081A19A /* RegistrationViewModel.swift */ = {isa = PBXFileReference; lastKnownFileType = sourcecode.swift; path = RegistrationViewModel.swift; sourceTree = "<group>"; };
		FA7FC537251E329E0081A19A /* BaseAuthModel.swift */ = {isa = PBXFileReference; lastKnownFileType = sourcecode.swift; path = BaseAuthModel.swift; sourceTree = "<group>"; };
		FA882E732525BDDF00AC4776 /* UIViewController+.swift */ = {isa = PBXFileReference; lastKnownFileType = sourcecode.swift; path = "UIViewController+.swift"; sourceTree = "<group>"; };
		FA882E752525C53900AC4776 /* ClassNameProtocol.swift */ = {isa = PBXFileReference; lastKnownFileType = sourcecode.swift; path = ClassNameProtocol.swift; sourceTree = "<group>"; };
		FA882E772525C80B00AC4776 /* UITextField.swift */ = {isa = PBXFileReference; lastKnownFileType = sourcecode.swift; path = UITextField.swift; sourceTree = "<group>"; };
		FA882E792525CA2D00AC4776 /* LoginRequest.swift */ = {isa = PBXFileReference; lastKnownFileType = sourcecode.swift; name = LoginRequest.swift; path = GariHub/Utils/LoginRequest.swift; sourceTree = SOURCE_ROOT; };
		FA8AFA34254C061700C7A37E /* BaseTextFieldController.swift */ = {isa = PBXFileReference; lastKnownFileType = sourcecode.swift; path = BaseTextFieldController.swift; sourceTree = "<group>"; };
		FA8AFA36254C066400C7A37E /* UIColor+.swift */ = {isa = PBXFileReference; lastKnownFileType = sourcecode.swift; path = "UIColor+.swift"; sourceTree = "<group>"; };
		FA97FC0B2585021F00C6ABF3 /* Sockets.swift */ = {isa = PBXFileReference; lastKnownFileType = sourcecode.swift; path = Sockets.swift; sourceTree = "<group>"; };
		FA9F4E632562927C0053D9BF /* SelectVehicleController.swift */ = {isa = PBXFileReference; lastKnownFileType = sourcecode.swift; path = SelectVehicleController.swift; sourceTree = "<group>"; };
		FA9F4E642562927C0053D9BF /* SelectVehicleController.xib */ = {isa = PBXFileReference; lastKnownFileType = file.xib; path = SelectVehicleController.xib; sourceTree = "<group>"; };
		FA9F4E6725629E9D0053D9BF /* SelectVehicleCell.swift */ = {isa = PBXFileReference; lastKnownFileType = sourcecode.swift; path = SelectVehicleCell.swift; sourceTree = "<group>"; };
		FA9F4E6825629E9D0053D9BF /* SelectVehicleCell.xib */ = {isa = PBXFileReference; lastKnownFileType = file.xib; path = SelectVehicleCell.xib; sourceTree = "<group>"; };
		FAA769742514D03D00750625 /* GariHub.app */ = {isa = PBXFileReference; explicitFileType = wrapper.application; includeInIndex = 0; path = GariHub.app; sourceTree = BUILT_PRODUCTS_DIR; };
		FAA769772514D03D00750625 /* AppDelegate.swift */ = {isa = PBXFileReference; lastKnownFileType = sourcecode.swift; path = AppDelegate.swift; sourceTree = "<group>"; };
		FAA769802514D03F00750625 /* Assets.xcassets */ = {isa = PBXFileReference; lastKnownFileType = folder.assetcatalog; path = Assets.xcassets; sourceTree = "<group>"; };
		FAA769832514D03F00750625 /* Base */ = {isa = PBXFileReference; lastKnownFileType = file.storyboard; name = Base; path = Base.lproj/LaunchScreen.storyboard; sourceTree = "<group>"; };
		FAA769852514D03F00750625 /* Info.plist */ = {isa = PBXFileReference; lastKnownFileType = text.plist.xml; path = Info.plist; sourceTree = "<group>"; };
		FAA7698A2514D04000750625 /* GariHubTests.xctest */ = {isa = PBXFileReference; explicitFileType = wrapper.cfbundle; includeInIndex = 0; path = GariHubTests.xctest; sourceTree = BUILT_PRODUCTS_DIR; };
		FAA7698E2514D04000750625 /* GariHubTests.swift */ = {isa = PBXFileReference; lastKnownFileType = sourcecode.swift; path = GariHubTests.swift; sourceTree = "<group>"; };
		FAA769902514D04000750625 /* Info.plist */ = {isa = PBXFileReference; lastKnownFileType = text.plist.xml; path = Info.plist; sourceTree = "<group>"; };
		FAA769952514D04000750625 /* GariHubUITests.xctest */ = {isa = PBXFileReference; explicitFileType = wrapper.cfbundle; includeInIndex = 0; path = GariHubUITests.xctest; sourceTree = BUILT_PRODUCTS_DIR; };
		FAA769992514D04000750625 /* GariHubUITests.swift */ = {isa = PBXFileReference; lastKnownFileType = sourcecode.swift; path = GariHubUITests.swift; sourceTree = "<group>"; };
		FAA7699B2514D04000750625 /* Info.plist */ = {isa = PBXFileReference; lastKnownFileType = text.plist.xml; path = Info.plist; sourceTree = "<group>"; };
		FAA769A82514D0C500750625 /* LandingController.swift */ = {isa = PBXFileReference; lastKnownFileType = sourcecode.swift; path = LandingController.swift; sourceTree = "<group>"; };
		FAA769A92514D0C500750625 /* LandingController.xib */ = {isa = PBXFileReference; lastKnownFileType = file.xib; path = LandingController.xib; sourceTree = "<group>"; };
		FAA88CF725879B330009C939 /* SideMenuCell.swift */ = {isa = PBXFileReference; lastKnownFileType = sourcecode.swift; path = SideMenuCell.swift; sourceTree = "<group>"; };
		FAA88CF825879B330009C939 /* SideMenuCell.xib */ = {isa = PBXFileReference; lastKnownFileType = file.xib; path = SideMenuCell.xib; sourceTree = "<group>"; };
		FAA8B24125528FC5001484E7 /* MapsController.swift */ = {isa = PBXFileReference; lastKnownFileType = sourcecode.swift; path = MapsController.swift; sourceTree = "<group>"; };
		FAA8B24225528FC5001484E7 /* MapsController.xib */ = {isa = PBXFileReference; lastKnownFileType = file.xib; path = MapsController.xib; sourceTree = "<group>"; };
		FAA8B24625529235001484E7 /* MapsViewModel.swift */ = {isa = PBXFileReference; lastKnownFileType = sourcecode.swift; path = MapsViewModel.swift; sourceTree = "<group>"; };
		FAB60274257D181E0015B609 /* HomeCoordinator.swift */ = {isa = PBXFileReference; lastKnownFileType = sourcecode.swift; path = HomeCoordinator.swift; sourceTree = "<group>"; };
		FAB60276257D20550015B609 /* AppCoordinator.swift */ = {isa = PBXFileReference; lastKnownFileType = sourcecode.swift; path = AppCoordinator.swift; sourceTree = "<group>"; };
		FAB652F4251E2C8A00D93C2B /* AuthTarget.swift */ = {isa = PBXFileReference; lastKnownFileType = sourcecode.swift; name = AuthTarget.swift; path = GariHub/Views/AuthTarget.swift; sourceTree = SOURCE_ROOT; };
		FAD1C109255E9DD7002A4897 /* BookRideViewModel.swift */ = {isa = PBXFileReference; lastKnownFileType = sourcecode.swift; path = BookRideViewModel.swift; sourceTree = "<group>"; };
		FAD965B2254ADCA6004F4C70 /* DestinationViewModel.swift */ = {isa = PBXFileReference; lastKnownFileType = sourcecode.swift; path = DestinationViewModel.swift; sourceTree = "<group>"; };
		FADE53242564094D007A4BD2 /* DriverLocationController.swift */ = {isa = PBXFileReference; lastKnownFileType = sourcecode.swift; path = DriverLocationController.swift; sourceTree = "<group>"; };
		FADE53252564094D007A4BD2 /* DriverLocationController.xib */ = {isa = PBXFileReference; lastKnownFileType = file.xib; path = DriverLocationController.xib; sourceTree = "<group>"; };
		FADE5328256412D6007A4BD2 /* GetLocationController.swift */ = {isa = PBXFileReference; lastKnownFileType = sourcecode.swift; path = GetLocationController.swift; sourceTree = "<group>"; };
		FADE5329256412D6007A4BD2 /* GetLocationController.xib */ = {isa = PBXFileReference; lastKnownFileType = file.xib; path = GetLocationController.xib; sourceTree = "<group>"; };
		FADE532C25641B15007A4BD2 /* DriverFoundController.swift */ = {isa = PBXFileReference; lastKnownFileType = sourcecode.swift; path = DriverFoundController.swift; sourceTree = "<group>"; };
		FADE532D25641B15007A4BD2 /* DriverFoundController.xib */ = {isa = PBXFileReference; lastKnownFileType = file.xib; path = DriverFoundController.xib; sourceTree = "<group>"; };
		FADE533025641E45007A4BD2 /* DriverInfoController.swift */ = {isa = PBXFileReference; lastKnownFileType = sourcecode.swift; path = DriverInfoController.swift; sourceTree = "<group>"; };
		FADE533125641E45007A4BD2 /* DriverInfoController.xib */ = {isa = PBXFileReference; lastKnownFileType = file.xib; path = DriverInfoController.xib; sourceTree = "<group>"; };
		FADE533425643E36007A4BD2 /* BookRideRequest.swift */ = {isa = PBXFileReference; lastKnownFileType = sourcecode.swift; name = BookRideRequest.swift; path = "GariHub/Views/Driver Location/BookRideRequest.swift"; sourceTree = SOURCE_ROOT; };
		FADE53362565177B007A4BD2 /* RidesTarget.swift */ = {isa = PBXFileReference; lastKnownFileType = sourcecode.swift; name = RidesTarget.swift; path = "GariHub/Views/Driver Location/RidesTarget.swift"; sourceTree = SOURCE_ROOT; };
		FADE533825653996007A4BD2 /* SelectVehicleViewModel.swift */ = {isa = PBXFileReference; lastKnownFileType = sourcecode.swift; path = SelectVehicleViewModel.swift; sourceTree = "<group>"; };
		FADE533A25654388007A4BD2 /* DriverDetailResponse.swift */ = {isa = PBXFileReference; lastKnownFileType = sourcecode.swift; name = DriverDetailResponse.swift; path = "GariHub/Views/Book Ride/DriverDetailResponse.swift"; sourceTree = SOURCE_ROOT; };
		FAEFF056252C6D8E003F222A /* LoginViewModel.swift */ = {isa = PBXFileReference; lastKnownFileType = sourcecode.swift; path = LoginViewModel.swift; sourceTree = "<group>"; };
		FAF7BDB0256E785D00160211 /* SideMenuController.swift */ = {isa = PBXFileReference; lastKnownFileType = sourcecode.swift; path = SideMenuController.swift; sourceTree = "<group>"; };
		FAF7BDB1256E785D00160211 /* SideMenuController.xib */ = {isa = PBXFileReference; lastKnownFileType = file.xib; path = SideMenuController.xib; sourceTree = "<group>"; };
		FAF7BDB4256E862B00160211 /* SideMenuViewModel.swift */ = {isa = PBXFileReference; lastKnownFileType = sourcecode.swift; path = SideMenuViewModel.swift; sourceTree = "<group>"; };
		FAF7BDB6256E889000160211 /* SideMenuCoordinator.swift */ = {isa = PBXFileReference; lastKnownFileType = sourcecode.swift; path = SideMenuCoordinator.swift; sourceTree = "<group>"; };
		FAFE78A92553E7F60082D053 /* BookRideController.swift */ = {isa = PBXFileReference; lastKnownFileType = sourcecode.swift; path = BookRideController.swift; sourceTree = "<group>"; };
		FAFE78AA2553E7F60082D053 /* BookRideController.xib */ = {isa = PBXFileReference; lastKnownFileType = file.xib; path = BookRideController.xib; sourceTree = "<group>"; };
		FAFE78AD2553F5DF0082D053 /* PickupLocationController.swift */ = {isa = PBXFileReference; lastKnownFileType = sourcecode.swift; path = PickupLocationController.swift; sourceTree = "<group>"; };
		FAFE78AE2553F5DF0082D053 /* PickupLocationController.xib */ = {isa = PBXFileReference; lastKnownFileType = file.xib; path = PickupLocationController.xib; sourceTree = "<group>"; };
/* End PBXFileReference section */

/* Begin PBXFrameworksBuildPhase section */
		FAA769712514D03D00750625 /* Frameworks */ = {
			isa = PBXFrameworksBuildPhase;
			buildActionMask = 2147483647;
			files = (
				D107220747B43223C582B4BF /* Pods_GariHub.framework in Frameworks */,
			);
			runOnlyForDeploymentPostprocessing = 0;
		};
		FAA769872514D04000750625 /* Frameworks */ = {
			isa = PBXFrameworksBuildPhase;
			buildActionMask = 2147483647;
			files = (
				AD370955F04819D001D7AF2B /* Pods_GariHubTests.framework in Frameworks */,
			);
			runOnlyForDeploymentPostprocessing = 0;
		};
		FAA769922514D04000750625 /* Frameworks */ = {
			isa = PBXFrameworksBuildPhase;
			buildActionMask = 2147483647;
			files = (
				3B4D36E924AE6B838280A360 /* Pods_GariHub_GariHubUITests.framework in Frameworks */,
			);
			runOnlyForDeploymentPostprocessing = 0;
		};
/* End PBXFrameworksBuildPhase section */

/* Begin PBXGroup section */
		0C98F6812524B9F000000F35 /* Login */ = {
			isa = PBXGroup;
			children = (
				0C98F6822524BA8100000F35 /* LoginController.swift */,
				0C98F6832524BA8100000F35 /* LoginController.xib */,
				FAEFF056252C6D8E003F222A /* LoginViewModel.swift */,
			);
			path = Login;
			sourceTree = "<group>";
		};
		0C98F6862524DF6A00000F35 /* OTP */ = {
			isa = PBXGroup;
			children = (
				0C98F6892524E0CD00000F35 /* OTPController.swift */,
				0C98F68A2524E0CD00000F35 /* OTPController.xib */,
				FA47DBAB2527679C006FA060 /* OTPViewModel.swift */,
			);
			path = OTP;
			sourceTree = "<group>";
		};
		38EB34B678EC6BB4182686C6 /* Frameworks */ = {
			isa = PBXGroup;
			children = (
				1595DA2EA72D7C064B2F22E5 /* Pods_GariHub.framework */,
				D3FE02584A6FADE7DB446AD1 /* Pods_GariHub_GariHubUITests.framework */,
				16C16092703D653BFC0283B9 /* Pods_GariHubTests.framework */,
			);
			name = Frameworks;
			sourceTree = "<group>";
		};
		F5736EA3738B4771E08FE56B /* Pods */ = {
			isa = PBXGroup;
			children = (
				E065748435A875FE58E49C79 /* Pods-GariHub.debug.xcconfig */,
				F0CE8A8AC63FB5C463002F52 /* Pods-GariHub.release.xcconfig */,
				5A395FAB874733629ED1E177 /* Pods-GariHub-GariHubUITests.debug.xcconfig */,
				F581D53E9CA3AF5522F20C9F /* Pods-GariHub-GariHubUITests.release.xcconfig */,
				43CF63A1EB5595FF670E692D /* Pods-GariHubTests.debug.xcconfig */,
				170F2178DC7A9632DAF7E1F0 /* Pods-GariHubTests.release.xcconfig */,
			);
			path = Pods;
			sourceTree = "<group>";
		};
		FA22F274255533630045618C /* Modals */ = {
			isa = PBXGroup;
			children = (
			);
			path = Modals;
			sourceTree = "<group>";
		};
		FA2D095F252C723100212F6D /* ResetPassword */ = {
			isa = PBXGroup;
			children = (
				FA2D0960252C729700212F6D /* ResetPasswordController.swift */,
				FA2D0961252C729700212F6D /* ResetPasswordController.xib */,
			);
			path = ResetPassword;
			sourceTree = "<group>";
		};
		FA2D096C252F3D3900212F6D /* Location */ = {
			isa = PBXGroup;
			children = (
				FA2D096D252F3D5800212F6D /* Location.swift */,
			);
			path = Location;
			sourceTree = "<group>";
		};
		FA41DD7E2529EF70006C1F4B /* Campaign */ = {
			isa = PBXGroup;
			children = (
				FAA769A82514D0C500750625 /* LandingController.swift */,
				FAA769A92514D0C500750625 /* LandingController.xib */,
				0C893101251B5065001E17AD /* CampaignController.swift */,
				0C893102251B5065001E17AD /* CampaignController.xib */,
				0C89310F251BAF1C001E17AD /* CampaignTwo.swift */,
				0C893110251BAF1C001E17AD /* CampaignTwo.xib */,
				0C893117251E1546001E17AD /* CampaignThree.swift */,
				0C893118251E1546001E17AD /* CampaignThree.xib */,
			);
			path = Campaign;
			sourceTree = "<group>";
		};
		FA41DD7F2529F050006C1F4B /* Dashboard */ = {
			isa = PBXGroup;
			children = (
				FA41DD802529F075006C1F4B /* DashboardController.swift */,
				FA41DD812529F075006C1F4B /* DashboardController.xib */,
				FA41DD842529F54F006C1F4B /* DashboardViewModel.swift */,
				FA2D0968252CB0E300212F6D /* DashboardCell.swift */,
				FA2D0969252CB0E300212F6D /* DashboardCell.xib */,
				0CF160DF253DA51200250C6F /* DestinationCell.swift */,
				0CF160E0253DA51300250C6F /* DestinationCell.xib */,
			);
			path = Dashboard;
			sourceTree = "<group>";
		};
		FA47DBAF25277053006FA060 /* Coordinators */ = {
			isa = PBXGroup;
			children = (
				FA47DBB02527707C006FA060 /* OnboardingCoordinator.swift */,
				FAF7BDB6256E889000160211 /* SideMenuCoordinator.swift */,
				FAB60274257D181E0015B609 /* HomeCoordinator.swift */,
				FAB60276257D20550015B609 /* AppCoordinator.swift */,
			);
			path = Coordinators;
			sourceTree = "<group>";
		};
		FA7FC534251E32010081A19A /* Register */ = {
			isa = PBXGroup;
			children = (
				0C89310B251B6D9A001E17AD /* RegistrationController.swift */,
				0C89310C251B6D9A001E17AD /* RegistrationController.xib */,
				FA7FC535251E32300081A19A /* RegistrationViewModel.swift */,
				FA7FC537251E329E0081A19A /* BaseAuthModel.swift */,
				0C531427252727680032C27F /* RegistrationTwoController.swift */,
				0C531428252727680032C27F /* RegistrationTwoController.xib */,
				FA47DB9D252750DA006FA060 /* EmailRegisterController.swift */,
				FA47DB9E252750DA006FA060 /* EmailRegisterController.xib */,
				FA47DBA12527543F006FA060 /* PasswordRegisterController.swift */,
				FA47DBA22527543F006FA060 /* PasswordRegisterController.xib */,
				FA47DBB22527804B006FA060 /* RegTwoViewModel.swift */,
				FA47DBB42527862D006FA060 /* EmailRegViewModel.swift */,
				FA41DD7C2529E909006C1F4B /* PasswordRegViewModel.swift */,
			);
			path = Register;
			sourceTree = "<group>";
		};
		FA97FC0A258501FF00C6ABF3 /* Sockets */ = {
			isa = PBXGroup;
			children = (
				FA97FC0B2585021F00C6ABF3 /* Sockets.swift */,
			);
			path = Sockets;
			sourceTree = "<group>";
		};
		FAA7696B2514D03D00750625 = {
			isa = PBXGroup;
			children = (
				FAA769762514D03D00750625 /* GariHub */,
				FAA7698D2514D04000750625 /* GariHubTests */,
				FAA769982514D04000750625 /* GariHubUITests */,
				FAA769752514D03D00750625 /* Products */,
				F5736EA3738B4771E08FE56B /* Pods */,
				38EB34B678EC6BB4182686C6 /* Frameworks */,
			);
			sourceTree = "<group>";
		};
		FAA769752514D03D00750625 /* Products */ = {
			isa = PBXGroup;
			children = (
				FAA769742514D03D00750625 /* GariHub.app */,
				FAA7698A2514D04000750625 /* GariHubTests.xctest */,
				FAA769952514D04000750625 /* GariHubUITests.xctest */,
			);
			name = Products;
			sourceTree = "<group>";
		};
		FAA769762514D03D00750625 /* GariHub */ = {
			isa = PBXGroup;
			children = (
				FA97FC0A258501FF00C6ABF3 /* Sockets */,
				FA2D096C252F3D3900212F6D /* Location */,
				FA47DBAF25277053006FA060 /* Coordinators */,
				FAA769AF2514D31300750625 /* Utils */,
				FAA769AE2514D30D00750625 /* Resources */,
				FAA769AD2514D30300750625 /* Network */,
				FAA769AC2514D2FD00750625 /* Models */,
				FAA769A72514D0B200750625 /* Views */,
				FAA769772514D03D00750625 /* AppDelegate.swift */,
				FAA769802514D03F00750625 /* Assets.xcassets */,
				FAA769822514D03F00750625 /* LaunchScreen.storyboard */,
				FAA769852514D03F00750625 /* Info.plist */,
				FA5D8C77256D329E009A7597 /* GoogleService-Info.plist */,
				FA47DBA9252764F2006FA060 /* GariHubClient.swift */,
				FA22F27D25553DA70045618C /* BaseViewController.swift */,
			);
			path = GariHub;
			sourceTree = "<group>";
		};
		FAA7698D2514D04000750625 /* GariHubTests */ = {
			isa = PBXGroup;
			children = (
				FAA7698E2514D04000750625 /* GariHubTests.swift */,
				FAA769902514D04000750625 /* Info.plist */,
			);
			path = GariHubTests;
			sourceTree = "<group>";
		};
		FAA769982514D04000750625 /* GariHubUITests */ = {
			isa = PBXGroup;
			children = (
				FAA769992514D04000750625 /* GariHubUITests.swift */,
				FAA7699B2514D04000750625 /* Info.plist */,
			);
			path = GariHubUITests;
			sourceTree = "<group>";
		};
		FAA769A72514D0B200750625 /* Views */ = {
			isa = PBXGroup;
			children = (
				FAF7BDAF256E782E00160211 /* Menu Rider */,
				FADE532325640933007A4BD2 /* Driver Location */,
				FA22F274255533630045618C /* Modals */,
				FAFE78A82553E7DC0082D053 /* Book Ride */,
				FAA8B245255290BB001484E7 /* Maps */,
				FAD965B1254ADC7C004F4C70 /* Destination */,
				FA2D095F252C723100212F6D /* ResetPassword */,
				FA41DD7F2529F050006C1F4B /* Dashboard */,
				0C98F6862524DF6A00000F35 /* OTP */,
				0C98F6812524B9F000000F35 /* Login */,
				FA7FC534251E32010081A19A /* Register */,
				FA41DD7E2529EF70006C1F4B /* Campaign */,
			);
			path = Views;
			sourceTree = "<group>";
		};
		FAA769AC2514D2FD00750625 /* Models */ = {
			isa = PBXGroup;
			children = (
				FA7FC532251E2FDE0081A19A /* ValidatePhoneRequest.swift */,
				FA882E792525CA2D00AC4776 /* LoginRequest.swift */,
				FA47DBA52527597D006FA060 /* RegisterRequest.swift */,
				FA47DBAD252769B9006FA060 /* OTPRequest.swift */,
				FADE533425643E36007A4BD2 /* BookRideRequest.swift */,
				FADE533A25654388007A4BD2 /* DriverDetailResponse.swift */,
			);
			path = Models;
			sourceTree = "<group>";
		};
		FAA769AD2514D30300750625 /* Network */ = {
			isa = PBXGroup;
			children = (
				FAB652F4251E2C8A00D93C2B /* AuthTarget.swift */,
				FADE53362565177B007A4BD2 /* RidesTarget.swift */,
			);
			path = Network;
			sourceTree = "<group>";
		};
		FAA769AE2514D30D00750625 /* Resources */ = {
			isa = PBXGroup;
			children = (
			);
			path = Resources;
			sourceTree = "<group>";
		};
		FAA769AF2514D31300750625 /* Utils */ = {
			isa = PBXGroup;
			children = (
				FA505B65257CF24100EBD239 /* Animation+.swift */,
				FA293FA6251E410D00BC00AD /* Spinner.swift */,
				FA22F27F25553F070045618C /* ModalTransitioningDelegate.swift */,
				FA882E732525BDDF00AC4776 /* UIViewController+.swift */,
				FA882E752525C53900AC4776 /* ClassNameProtocol.swift */,
				FA882E772525C80B00AC4776 /* UITextField.swift */,
				FA8AFA34254C061700C7A37E /* BaseTextFieldController.swift */,
				FA8AFA36254C066400C7A37E /* UIColor+.swift */,
				FA22F281255542EB0045618C /* ModalInteractiveTransition.swift */,
				FA22F27925553AC80045618C /* UIView+.swift */,
				FA22F283255542FB0045618C /* ModalTransitionAnimator.swift */,
				FA22F2852555431C0045618C /* ModalPresentationController.swift */,
				FA22F27B25553C5F0045618C /* ModalControllerDelegate.swift */,
			);
			path = Utils;
			sourceTree = "<group>";
		};
		FAA8B245255290BB001484E7 /* Maps */ = {
			isa = PBXGroup;
			children = (
				FA22F275255533A00045618C /* PickupLocationView.swift */,
				FAA8B24125528FC5001484E7 /* MapsController.swift */,
				FAA8B24225528FC5001484E7 /* MapsController.xib */,
				FAA8B24625529235001484E7 /* MapsViewModel.swift */,
				FAFE78AD2553F5DF0082D053 /* PickupLocationController.swift */,
				FAFE78AE2553F5DF0082D053 /* PickupLocationController.xib */,
				FA22F277255533C30045618C /* PickupLocationView.xib */,
			);
			path = Maps;
			sourceTree = "<group>";
		};
		FAD965B1254ADC7C004F4C70 /* Destination */ = {
			isa = PBXGroup;
			children = (
				0C31D696252B7E560089253F /* Destination.swift */,
				0C31D697252B7E560089253F /* Destination.xib */,
				FAD965B2254ADCA6004F4C70 /* DestinationViewModel.swift */,
			);
			path = Destination;
			sourceTree = "<group>";
		};
		FADE532325640933007A4BD2 /* Driver Location */ = {
			isa = PBXGroup;
			children = (
				FADE53242564094D007A4BD2 /* DriverLocationController.swift */,
				FADE53252564094D007A4BD2 /* DriverLocationController.xib */,
				FADE5328256412D6007A4BD2 /* GetLocationController.swift */,
				FADE5329256412D6007A4BD2 /* GetLocationController.xib */,
				FADE532C25641B15007A4BD2 /* DriverFoundController.swift */,
				FADE532D25641B15007A4BD2 /* DriverFoundController.xib */,
				FADE533025641E45007A4BD2 /* DriverInfoController.swift */,
				FADE533125641E45007A4BD2 /* DriverInfoController.xib */,
			);
			path = "Driver Location";
			sourceTree = "<group>";
		};
		FAF7BDAF256E782E00160211 /* Menu Rider */ = {
			isa = PBXGroup;
			children = (
				FAF7BDB0256E785D00160211 /* SideMenuController.swift */,
				FAF7BDB1256E785D00160211 /* SideMenuController.xib */,
				FAF7BDB4256E862B00160211 /* SideMenuViewModel.swift */,
				FAA88CF725879B330009C939 /* SideMenuCell.swift */,
				FAA88CF825879B330009C939 /* SideMenuCell.xib */,
			);
			path = "Menu Rider";
			sourceTree = "<group>";
		};
		FAFE78A82553E7DC0082D053 /* Book Ride */ = {
			isa = PBXGroup;
			children = (
				FAFE78A92553E7F60082D053 /* BookRideController.swift */,
				FAFE78AA2553E7F60082D053 /* BookRideController.xib */,
				FAD1C109255E9DD7002A4897 /* BookRideViewModel.swift */,
				FA9F4E632562927C0053D9BF /* SelectVehicleController.swift */,
				FA9F4E642562927C0053D9BF /* SelectVehicleController.xib */,
				FA9F4E6725629E9D0053D9BF /* SelectVehicleCell.swift */,
				FA9F4E6825629E9D0053D9BF /* SelectVehicleCell.xib */,
				FADE533825653996007A4BD2 /* SelectVehicleViewModel.swift */,
			);
			path = "Book Ride";
			sourceTree = "<group>";
		};
/* End PBXGroup section */

/* Begin PBXNativeTarget section */
		FAA769732514D03D00750625 /* GariHub */ = {
			isa = PBXNativeTarget;
			buildConfigurationList = FAA7699E2514D04000750625 /* Build configuration list for PBXNativeTarget "GariHub" */;
			buildPhases = (
				EDB09E377464315BEF83C080 /* [CP] Check Pods Manifest.lock */,
				FAA769702514D03D00750625 /* Sources */,
				FAA769712514D03D00750625 /* Frameworks */,
				FAA769722514D03D00750625 /* Resources */,
				25F74D69A82B89F8DE9C8EDA /* [CP] Embed Pods Frameworks */,
				1764D9F3D5BEF0D1F02FC43C /* [CP] Copy Pods Resources */,
			);
			buildRules = (
			);
			dependencies = (
			);
			name = GariHub;
			productName = GariHub;
			productReference = FAA769742514D03D00750625 /* GariHub.app */;
			productType = "com.apple.product-type.application";
		};
		FAA769892514D04000750625 /* GariHubTests */ = {
			isa = PBXNativeTarget;
			buildConfigurationList = FAA769A12514D04000750625 /* Build configuration list for PBXNativeTarget "GariHubTests" */;
			buildPhases = (
				6010E0067E77E5B1A0C75FC1 /* [CP] Check Pods Manifest.lock */,
				FAA769862514D04000750625 /* Sources */,
				FAA769872514D04000750625 /* Frameworks */,
				FAA769882514D04000750625 /* Resources */,
			);
			buildRules = (
			);
			dependencies = (
				FAA7698C2514D04000750625 /* PBXTargetDependency */,
			);
			name = GariHubTests;
			productName = GariHubTests;
			productReference = FAA7698A2514D04000750625 /* GariHubTests.xctest */;
			productType = "com.apple.product-type.bundle.unit-test";
		};
		FAA769942514D04000750625 /* GariHubUITests */ = {
			isa = PBXNativeTarget;
			buildConfigurationList = FAA769A42514D04000750625 /* Build configuration list for PBXNativeTarget "GariHubUITests" */;
			buildPhases = (
				E39D4CB8BEC6D6E86BE5F61E /* [CP] Check Pods Manifest.lock */,
				FAA769912514D04000750625 /* Sources */,
				FAA769922514D04000750625 /* Frameworks */,
				FAA769932514D04000750625 /* Resources */,
				E947C7402FDE60A6B8F93348 /* [CP] Embed Pods Frameworks */,
				B6705A80A3D9B9F46305C940 /* [CP] Copy Pods Resources */,
			);
			buildRules = (
			);
			dependencies = (
				FAA769972514D04000750625 /* PBXTargetDependency */,
			);
			name = GariHubUITests;
			productName = GariHubUITests;
			productReference = FAA769952514D04000750625 /* GariHubUITests.xctest */;
			productType = "com.apple.product-type.bundle.ui-testing";
		};
/* End PBXNativeTarget section */

/* Begin PBXProject section */
		FAA7696C2514D03D00750625 /* Project object */ = {
			isa = PBXProject;
			attributes = {
				LastSwiftUpdateCheck = 1160;
				LastUpgradeCheck = 1160;
				ORGANIZATIONNAME = "Kevin Lagat";
				TargetAttributes = {
					FAA769732514D03D00750625 = {
						CreatedOnToolsVersion = 11.6;
					};
					FAA769892514D04000750625 = {
						CreatedOnToolsVersion = 11.6;
						TestTargetID = FAA769732514D03D00750625;
					};
					FAA769942514D04000750625 = {
						CreatedOnToolsVersion = 11.6;
						TestTargetID = FAA769732514D03D00750625;
					};
				};
			};
			buildConfigurationList = FAA7696F2514D03D00750625 /* Build configuration list for PBXProject "GariHub" */;
			compatibilityVersion = "Xcode 9.3";
			developmentRegion = en;
			hasScannedForEncodings = 0;
			knownRegions = (
				en,
				Base,
			);
			mainGroup = FAA7696B2514D03D00750625;
			productRefGroup = FAA769752514D03D00750625 /* Products */;
			projectDirPath = "";
			projectRoot = "";
			targets = (
				FAA769732514D03D00750625 /* GariHub */,
				FAA769892514D04000750625 /* GariHubTests */,
				FAA769942514D04000750625 /* GariHubUITests */,
			);
		};
/* End PBXProject section */

/* Begin PBXResourcesBuildPhase section */
		FAA769722514D03D00750625 /* Resources */ = {
			isa = PBXResourcesBuildPhase;
			buildActionMask = 2147483647;
			files = (
				FAFE78AC2553E7F60082D053 /* BookRideController.xib in Resources */,
				0C98F68C2524E0CD00000F35 /* OTPController.xib in Resources */,
				FA47DBA0252750DA006FA060 /* EmailRegisterController.xib in Resources */,
				0C31D699252B7E560089253F /* Destination.xib in Resources */,
				FADE532F25641B15007A4BD2 /* DriverFoundController.xib in Resources */,
				FAA769842514D03F00750625 /* LaunchScreen.storyboard in Resources */,
				0C98F6852524BA8100000F35 /* LoginController.xib in Resources */,
				FADE533325641E45007A4BD2 /* DriverInfoController.xib in Resources */,
				FADE53272564094D007A4BD2 /* DriverLocationController.xib in Resources */,
				0C53142A252727680032C27F /* RegistrationTwoController.xib in Resources */,
				0CF160E2253DA51300250C6F /* DestinationCell.xib in Resources */,
				FA9F4E6A25629E9D0053D9BF /* SelectVehicleCell.xib in Resources */,
				FA9F4E662562927C0053D9BF /* SelectVehicleController.xib in Resources */,
				FA5D8C78256D329F009A7597 /* GoogleService-Info.plist in Resources */,
				0C89310E251B6D9A001E17AD /* RegistrationController.xib in Resources */,
				FAF7BDB3256E785D00160211 /* SideMenuController.xib in Resources */,
				0C89311A251E1546001E17AD /* CampaignThree.xib in Resources */,
				FADE532B256412D6007A4BD2 /* GetLocationController.xib in Resources */,
				FA22F278255533C30045618C /* PickupLocationView.xib in Resources */,
				FAA769AB2514D0C500750625 /* LandingController.xib in Resources */,
				FAA769812514D03F00750625 /* Assets.xcassets in Resources */,
				0C893112251BAF1C001E17AD /* CampaignTwo.xib in Resources */,
				FA2D096B252CB0E300212F6D /* DashboardCell.xib in Resources */,
				FAA88CFA25879B330009C939 /* SideMenuCell.xib in Resources */,
				FA2D0963252C729700212F6D /* ResetPasswordController.xib in Resources */,
				FA41DD832529F075006C1F4B /* DashboardController.xib in Resources */,
				0C893104251B5066001E17AD /* CampaignController.xib in Resources */,
				FAA8B24425528FC5001484E7 /* MapsController.xib in Resources */,
				FAFE78B02553F5DF0082D053 /* PickupLocationController.xib in Resources */,
				FA47DBA42527543F006FA060 /* PasswordRegisterController.xib in Resources */,
			);
			runOnlyForDeploymentPostprocessing = 0;
		};
		FAA769882514D04000750625 /* Resources */ = {
			isa = PBXResourcesBuildPhase;
			buildActionMask = 2147483647;
			files = (
			);
			runOnlyForDeploymentPostprocessing = 0;
		};
		FAA769932514D04000750625 /* Resources */ = {
			isa = PBXResourcesBuildPhase;
			buildActionMask = 2147483647;
			files = (
			);
			runOnlyForDeploymentPostprocessing = 0;
		};
/* End PBXResourcesBuildPhase section */

/* Begin PBXShellScriptBuildPhase section */
		1764D9F3D5BEF0D1F02FC43C /* [CP] Copy Pods Resources */ = {
			isa = PBXShellScriptBuildPhase;
			buildActionMask = 2147483647;
			files = (
			);
			inputFileListPaths = (
				"${PODS_ROOT}/Target Support Files/Pods-GariHub/Pods-GariHub-resources-${CONFIGURATION}-input-files.xcfilelist",
			);
			name = "[CP] Copy Pods Resources";
			outputFileListPaths = (
				"${PODS_ROOT}/Target Support Files/Pods-GariHub/Pods-GariHub-resources-${CONFIGURATION}-output-files.xcfilelist",
			);
			runOnlyForDeploymentPostprocessing = 0;
			shellPath = /bin/sh;
			shellScript = "\"${PODS_ROOT}/Target Support Files/Pods-GariHub/Pods-GariHub-resources.sh\"\n";
			showEnvVarsInLog = 0;
		};
		25F74D69A82B89F8DE9C8EDA /* [CP] Embed Pods Frameworks */ = {
			isa = PBXShellScriptBuildPhase;
			buildActionMask = 2147483647;
			files = (
			);
			inputFileListPaths = (
				"${PODS_ROOT}/Target Support Files/Pods-GariHub/Pods-GariHub-frameworks-${CONFIGURATION}-input-files.xcfilelist",
			);
			name = "[CP] Embed Pods Frameworks";
			outputFileListPaths = (
				"${PODS_ROOT}/Target Support Files/Pods-GariHub/Pods-GariHub-frameworks-${CONFIGURATION}-output-files.xcfilelist",
			);
			runOnlyForDeploymentPostprocessing = 0;
			shellPath = /bin/sh;
			shellScript = "\"${PODS_ROOT}/Target Support Files/Pods-GariHub/Pods-GariHub-frameworks.sh\"\n";
			showEnvVarsInLog = 0;
		};
		6010E0067E77E5B1A0C75FC1 /* [CP] Check Pods Manifest.lock */ = {
			isa = PBXShellScriptBuildPhase;
			buildActionMask = 2147483647;
			files = (
			);
			inputFileListPaths = (
			);
			inputPaths = (
				"${PODS_PODFILE_DIR_PATH}/Podfile.lock",
				"${PODS_ROOT}/Manifest.lock",
			);
			name = "[CP] Check Pods Manifest.lock";
			outputFileListPaths = (
			);
			outputPaths = (
				"$(DERIVED_FILE_DIR)/Pods-GariHubTests-checkManifestLockResult.txt",
			);
			runOnlyForDeploymentPostprocessing = 0;
			shellPath = /bin/sh;
			shellScript = "diff \"${PODS_PODFILE_DIR_PATH}/Podfile.lock\" \"${PODS_ROOT}/Manifest.lock\" > /dev/null\nif [ $? != 0 ] ; then\n    # print error to STDERR\n    echo \"error: The sandbox is not in sync with the Podfile.lock. Run 'pod install' or update your CocoaPods installation.\" >&2\n    exit 1\nfi\n# This output is used by Xcode 'outputs' to avoid re-running this script phase.\necho \"SUCCESS\" > \"${SCRIPT_OUTPUT_FILE_0}\"\n";
			showEnvVarsInLog = 0;
		};
		B6705A80A3D9B9F46305C940 /* [CP] Copy Pods Resources */ = {
			isa = PBXShellScriptBuildPhase;
			buildActionMask = 2147483647;
			files = (
			);
			inputFileListPaths = (
				"${PODS_ROOT}/Target Support Files/Pods-GariHub-GariHubUITests/Pods-GariHub-GariHubUITests-resources-${CONFIGURATION}-input-files.xcfilelist",
			);
			name = "[CP] Copy Pods Resources";
			outputFileListPaths = (
				"${PODS_ROOT}/Target Support Files/Pods-GariHub-GariHubUITests/Pods-GariHub-GariHubUITests-resources-${CONFIGURATION}-output-files.xcfilelist",
			);
			runOnlyForDeploymentPostprocessing = 0;
			shellPath = /bin/sh;
			shellScript = "\"${PODS_ROOT}/Target Support Files/Pods-GariHub-GariHubUITests/Pods-GariHub-GariHubUITests-resources.sh\"\n";
			showEnvVarsInLog = 0;
		};
		E39D4CB8BEC6D6E86BE5F61E /* [CP] Check Pods Manifest.lock */ = {
			isa = PBXShellScriptBuildPhase;
			buildActionMask = 2147483647;
			files = (
			);
			inputFileListPaths = (
			);
			inputPaths = (
				"${PODS_PODFILE_DIR_PATH}/Podfile.lock",
				"${PODS_ROOT}/Manifest.lock",
			);
			name = "[CP] Check Pods Manifest.lock";
			outputFileListPaths = (
			);
			outputPaths = (
				"$(DERIVED_FILE_DIR)/Pods-GariHub-GariHubUITests-checkManifestLockResult.txt",
			);
			runOnlyForDeploymentPostprocessing = 0;
			shellPath = /bin/sh;
			shellScript = "diff \"${PODS_PODFILE_DIR_PATH}/Podfile.lock\" \"${PODS_ROOT}/Manifest.lock\" > /dev/null\nif [ $? != 0 ] ; then\n    # print error to STDERR\n    echo \"error: The sandbox is not in sync with the Podfile.lock. Run 'pod install' or update your CocoaPods installation.\" >&2\n    exit 1\nfi\n# This output is used by Xcode 'outputs' to avoid re-running this script phase.\necho \"SUCCESS\" > \"${SCRIPT_OUTPUT_FILE_0}\"\n";
			showEnvVarsInLog = 0;
		};
		E947C7402FDE60A6B8F93348 /* [CP] Embed Pods Frameworks */ = {
			isa = PBXShellScriptBuildPhase;
			buildActionMask = 2147483647;
			files = (
			);
			inputFileListPaths = (
				"${PODS_ROOT}/Target Support Files/Pods-GariHub-GariHubUITests/Pods-GariHub-GariHubUITests-frameworks-${CONFIGURATION}-input-files.xcfilelist",
			);
			name = "[CP] Embed Pods Frameworks";
			outputFileListPaths = (
				"${PODS_ROOT}/Target Support Files/Pods-GariHub-GariHubUITests/Pods-GariHub-GariHubUITests-frameworks-${CONFIGURATION}-output-files.xcfilelist",
			);
			runOnlyForDeploymentPostprocessing = 0;
			shellPath = /bin/sh;
			shellScript = "\"${PODS_ROOT}/Target Support Files/Pods-GariHub-GariHubUITests/Pods-GariHub-GariHubUITests-frameworks.sh\"\n";
			showEnvVarsInLog = 0;
		};
		EDB09E377464315BEF83C080 /* [CP] Check Pods Manifest.lock */ = {
			isa = PBXShellScriptBuildPhase;
			buildActionMask = 2147483647;
			files = (
			);
			inputFileListPaths = (
			);
			inputPaths = (
				"${PODS_PODFILE_DIR_PATH}/Podfile.lock",
				"${PODS_ROOT}/Manifest.lock",
			);
			name = "[CP] Check Pods Manifest.lock";
			outputFileListPaths = (
			);
			outputPaths = (
				"$(DERIVED_FILE_DIR)/Pods-GariHub-checkManifestLockResult.txt",
			);
			runOnlyForDeploymentPostprocessing = 0;
			shellPath = /bin/sh;
			shellScript = "diff \"${PODS_PODFILE_DIR_PATH}/Podfile.lock\" \"${PODS_ROOT}/Manifest.lock\" > /dev/null\nif [ $? != 0 ] ; then\n    # print error to STDERR\n    echo \"error: The sandbox is not in sync with the Podfile.lock. Run 'pod install' or update your CocoaPods installation.\" >&2\n    exit 1\nfi\n# This output is used by Xcode 'outputs' to avoid re-running this script phase.\necho \"SUCCESS\" > \"${SCRIPT_OUTPUT_FILE_0}\"\n";
			showEnvVarsInLog = 0;
		};
/* End PBXShellScriptBuildPhase section */

/* Begin PBXSourcesBuildPhase section */
		FAA769702514D03D00750625 /* Sources */ = {
			isa = PBXSourcesBuildPhase;
			buildActionMask = 2147483647;
			files = (
				FA293FA7251E410D00BC00AD /* Spinner.swift in Sources */,
				FAA88CF925879B330009C939 /* SideMenuCell.swift in Sources */,
				0C98F6842524BA8100000F35 /* LoginController.swift in Sources */,
				FA47DBA32527543F006FA060 /* PasswordRegisterController.swift in Sources */,
				FADE533225641E45007A4BD2 /* DriverInfoController.swift in Sources */,
				FAF7BDB2256E785D00160211 /* SideMenuController.swift in Sources */,
				FADE532E25641B15007A4BD2 /* DriverFoundController.swift in Sources */,
				FADE533525643E36007A4BD2 /* BookRideRequest.swift in Sources */,
				FADE532A256412D6007A4BD2 /* GetLocationController.swift in Sources */,
				FA47DBB12527707C006FA060 /* OnboardingCoordinator.swift in Sources */,
				FAA8B24325528FC5001484E7 /* MapsController.swift in Sources */,
				FA22F282255542EB0045618C /* ModalInteractiveTransition.swift in Sources */,
				0C893119251E1546001E17AD /* CampaignThree.swift in Sources */,
				FA882E762525C53900AC4776 /* ClassNameProtocol.swift in Sources */,
				FA8AFA35254C061700C7A37E /* BaseTextFieldController.swift in Sources */,
				0CF160E1253DA51300250C6F /* DestinationCell.swift in Sources */,
				FA7FC536251E32300081A19A /* RegistrationViewModel.swift in Sources */,
				FA22F284255542FB0045618C /* ModalTransitionAnimator.swift in Sources */,
				FAFE78AB2553E7F60082D053 /* BookRideController.swift in Sources */,
				FA47DBAA252764F2006FA060 /* GariHubClient.swift in Sources */,
				FA22F27E25553DA70045618C /* BaseViewController.swift in Sources */,
				FAA8B24725529235001484E7 /* MapsViewModel.swift in Sources */,
				FA47DBB32527804B006FA060 /* RegTwoViewModel.swift in Sources */,
				FA47DB9F252750DA006FA060 /* EmailRegisterController.swift in Sources */,
				FA47DBAE252769B9006FA060 /* OTPRequest.swift in Sources */,
				FAF7BDB5256E862B00160211 /* SideMenuViewModel.swift in Sources */,
				FA22F2862555431C0045618C /* ModalPresentationController.swift in Sources */,
				0C98F68B2524E0CD00000F35 /* OTPController.swift in Sources */,
				FAA769782514D03D00750625 /* AppDelegate.swift in Sources */,
				FA882E782525C80B00AC4776 /* UITextField.swift in Sources */,
				FA47DBB52527862D006FA060 /* EmailRegViewModel.swift in Sources */,
				FA41DD822529F075006C1F4B /* DashboardController.swift in Sources */,
				FA505B66257CF24200EBD239 /* Animation+.swift in Sources */,
				FADE533925653996007A4BD2 /* SelectVehicleViewModel.swift in Sources */,
				FAD1C10A255E9DD7002A4897 /* BookRideViewModel.swift in Sources */,
				FA2D096A252CB0E300212F6D /* DashboardCell.swift in Sources */,
				FA882E742525BDDF00AC4776 /* UIViewController+.swift in Sources */,
				FAB60277257D20550015B609 /* AppCoordinator.swift in Sources */,
				FAEFF057252C6D8E003F222A /* LoginViewModel.swift in Sources */,
				FA22F27C25553C5F0045618C /* ModalControllerDelegate.swift in Sources */,
				FA22F27A25553AC80045618C /* UIView+.swift in Sources */,
				FAFE78AF2553F5DF0082D053 /* PickupLocationController.swift in Sources */,
				FA2D0962252C729700212F6D /* ResetPasswordController.swift in Sources */,
				FA47DBA62527597D006FA060 /* RegisterRequest.swift in Sources */,
				FA9F4E6925629E9D0053D9BF /* SelectVehicleCell.swift in Sources */,
				FA8AFA37254C066400C7A37E /* UIColor+.swift in Sources */,
				FA7FC533251E2FDE0081A19A /* ValidatePhoneRequest.swift in Sources */,
				FA9F4E652562927C0053D9BF /* SelectVehicleController.swift in Sources */,
				FADE533B25654388007A4BD2 /* DriverDetailResponse.swift in Sources */,
				FA2D096E252F3D5800212F6D /* Location.swift in Sources */,
				0C531429252727680032C27F /* RegistrationTwoController.swift in Sources */,
				FA7FC538251E329E0081A19A /* BaseAuthModel.swift in Sources */,
				FA41DD852529F54F006C1F4B /* DashboardViewModel.swift in Sources */,
				FA97FC0C2585021F00C6ABF3 /* Sockets.swift in Sources */,
				FAB60275257D181E0015B609 /* HomeCoordinator.swift in Sources */,
				0C893111251BAF1C001E17AD /* CampaignTwo.swift in Sources */,
				FAF7BDB7256E889000160211 /* SideMenuCoordinator.swift in Sources */,
				0C31D698252B7E560089253F /* Destination.swift in Sources */,
				FAA769AA2514D0C500750625 /* LandingController.swift in Sources */,
				FA41DD7D2529E909006C1F4B /* PasswordRegViewModel.swift in Sources */,
				FADE53262564094D007A4BD2 /* DriverLocationController.swift in Sources */,
				FA22F28025553F070045618C /* ModalTransitioningDelegate.swift in Sources */,
				0C89310D251B6D9A001E17AD /* RegistrationController.swift in Sources */,
				FA47DBAC2527679C006FA060 /* OTPViewModel.swift in Sources */,
				0C893103251B5065001E17AD /* CampaignController.swift in Sources */,
				FAB652F5251E2C8B00D93C2B /* AuthTarget.swift in Sources */,
				FA882E7A2525CA2D00AC4776 /* LoginRequest.swift in Sources */,
				FAD965B3254ADCA7004F4C70 /* DestinationViewModel.swift in Sources */,
				FADE53372565177B007A4BD2 /* RidesTarget.swift in Sources */,
				FA22F276255533A00045618C /* PickupLocationView.swift in Sources */,
			);
			runOnlyForDeploymentPostprocessing = 0;
		};
		FAA769862514D04000750625 /* Sources */ = {
			isa = PBXSourcesBuildPhase;
			buildActionMask = 2147483647;
			files = (
				FAA7698F2514D04000750625 /* GariHubTests.swift in Sources */,
			);
			runOnlyForDeploymentPostprocessing = 0;
		};
		FAA769912514D04000750625 /* Sources */ = {
			isa = PBXSourcesBuildPhase;
			buildActionMask = 2147483647;
			files = (
				FAA7699A2514D04000750625 /* GariHubUITests.swift in Sources */,
			);
			runOnlyForDeploymentPostprocessing = 0;
		};
/* End PBXSourcesBuildPhase section */

/* Begin PBXTargetDependency section */
		FAA7698C2514D04000750625 /* PBXTargetDependency */ = {
			isa = PBXTargetDependency;
			target = FAA769732514D03D00750625 /* GariHub */;
			targetProxy = FAA7698B2514D04000750625 /* PBXContainerItemProxy */;
		};
		FAA769972514D04000750625 /* PBXTargetDependency */ = {
			isa = PBXTargetDependency;
			target = FAA769732514D03D00750625 /* GariHub */;
			targetProxy = FAA769962514D04000750625 /* PBXContainerItemProxy */;
		};
/* End PBXTargetDependency section */

/* Begin PBXVariantGroup section */
		FAA769822514D03F00750625 /* LaunchScreen.storyboard */ = {
			isa = PBXVariantGroup;
			children = (
				FAA769832514D03F00750625 /* Base */,
			);
			name = LaunchScreen.storyboard;
			sourceTree = "<group>";
		};
/* End PBXVariantGroup section */

/* Begin XCBuildConfiguration section */
		FAA7699C2514D04000750625 /* Debug */ = {
			isa = XCBuildConfiguration;
			buildSettings = {
				ALWAYS_SEARCH_USER_PATHS = NO;
				CLANG_ANALYZER_NONNULL = YES;
				CLANG_ANALYZER_NUMBER_OBJECT_CONVERSION = YES_AGGRESSIVE;
				CLANG_CXX_LANGUAGE_STANDARD = "gnu++14";
				CLANG_CXX_LIBRARY = "libc++";
				CLANG_ENABLE_MODULES = YES;
				CLANG_ENABLE_OBJC_ARC = YES;
				CLANG_ENABLE_OBJC_WEAK = YES;
				CLANG_WARN_BLOCK_CAPTURE_AUTORELEASING = YES;
				CLANG_WARN_BOOL_CONVERSION = YES;
				CLANG_WARN_COMMA = YES;
				CLANG_WARN_CONSTANT_CONVERSION = YES;
				CLANG_WARN_DEPRECATED_OBJC_IMPLEMENTATIONS = YES;
				CLANG_WARN_DIRECT_OBJC_ISA_USAGE = YES_ERROR;
				CLANG_WARN_DOCUMENTATION_COMMENTS = YES;
				CLANG_WARN_EMPTY_BODY = YES;
				CLANG_WARN_ENUM_CONVERSION = YES;
				CLANG_WARN_INFINITE_RECURSION = YES;
				CLANG_WARN_INT_CONVERSION = YES;
				CLANG_WARN_NON_LITERAL_NULL_CONVERSION = YES;
				CLANG_WARN_OBJC_IMPLICIT_RETAIN_SELF = YES;
				CLANG_WARN_OBJC_LITERAL_CONVERSION = YES;
				CLANG_WARN_OBJC_ROOT_CLASS = YES_ERROR;
				CLANG_WARN_RANGE_LOOP_ANALYSIS = YES;
				CLANG_WARN_STRICT_PROTOTYPES = YES;
				CLANG_WARN_SUSPICIOUS_MOVE = YES;
				CLANG_WARN_UNGUARDED_AVAILABILITY = YES_AGGRESSIVE;
				CLANG_WARN_UNREACHABLE_CODE = YES;
				CLANG_WARN__DUPLICATE_METHOD_MATCH = YES;
				COPY_PHASE_STRIP = NO;
				DEBUG_INFORMATION_FORMAT = dwarf;
				ENABLE_STRICT_OBJC_MSGSEND = YES;
				ENABLE_TESTABILITY = YES;
				GCC_C_LANGUAGE_STANDARD = gnu11;
				GCC_DYNAMIC_NO_PIC = NO;
				GCC_NO_COMMON_BLOCKS = YES;
				GCC_OPTIMIZATION_LEVEL = 0;
				GCC_PREPROCESSOR_DEFINITIONS = (
					"DEBUG=1",
					"$(inherited)",
				);
				GCC_WARN_64_TO_32_BIT_CONVERSION = YES;
				GCC_WARN_ABOUT_RETURN_TYPE = YES_ERROR;
				GCC_WARN_UNDECLARED_SELECTOR = YES;
				GCC_WARN_UNINITIALIZED_AUTOS = YES_AGGRESSIVE;
				GCC_WARN_UNUSED_FUNCTION = YES;
				GCC_WARN_UNUSED_VARIABLE = YES;
				IPHONEOS_DEPLOYMENT_TARGET = 13.6;
				MTL_ENABLE_DEBUG_INFO = INCLUDE_SOURCE;
				MTL_FAST_MATH = YES;
				ONLY_ACTIVE_ARCH = YES;
				SDKROOT = iphoneos;
				SWIFT_ACTIVE_COMPILATION_CONDITIONS = DEBUG;
				SWIFT_OPTIMIZATION_LEVEL = "-Onone";
			};
			name = Debug;
		};
		FAA7699D2514D04000750625 /* Release */ = {
			isa = XCBuildConfiguration;
			buildSettings = {
				ALWAYS_SEARCH_USER_PATHS = NO;
				CLANG_ANALYZER_NONNULL = YES;
				CLANG_ANALYZER_NUMBER_OBJECT_CONVERSION = YES_AGGRESSIVE;
				CLANG_CXX_LANGUAGE_STANDARD = "gnu++14";
				CLANG_CXX_LIBRARY = "libc++";
				CLANG_ENABLE_MODULES = YES;
				CLANG_ENABLE_OBJC_ARC = YES;
				CLANG_ENABLE_OBJC_WEAK = YES;
				CLANG_WARN_BLOCK_CAPTURE_AUTORELEASING = YES;
				CLANG_WARN_BOOL_CONVERSION = YES;
				CLANG_WARN_COMMA = YES;
				CLANG_WARN_CONSTANT_CONVERSION = YES;
				CLANG_WARN_DEPRECATED_OBJC_IMPLEMENTATIONS = YES;
				CLANG_WARN_DIRECT_OBJC_ISA_USAGE = YES_ERROR;
				CLANG_WARN_DOCUMENTATION_COMMENTS = YES;
				CLANG_WARN_EMPTY_BODY = YES;
				CLANG_WARN_ENUM_CONVERSION = YES;
				CLANG_WARN_INFINITE_RECURSION = YES;
				CLANG_WARN_INT_CONVERSION = YES;
				CLANG_WARN_NON_LITERAL_NULL_CONVERSION = YES;
				CLANG_WARN_OBJC_IMPLICIT_RETAIN_SELF = YES;
				CLANG_WARN_OBJC_LITERAL_CONVERSION = YES;
				CLANG_WARN_OBJC_ROOT_CLASS = YES_ERROR;
				CLANG_WARN_RANGE_LOOP_ANALYSIS = YES;
				CLANG_WARN_STRICT_PROTOTYPES = YES;
				CLANG_WARN_SUSPICIOUS_MOVE = YES;
				CLANG_WARN_UNGUARDED_AVAILABILITY = YES_AGGRESSIVE;
				CLANG_WARN_UNREACHABLE_CODE = YES;
				CLANG_WARN__DUPLICATE_METHOD_MATCH = YES;
				COPY_PHASE_STRIP = NO;
				DEBUG_INFORMATION_FORMAT = "dwarf-with-dsym";
				ENABLE_NS_ASSERTIONS = NO;
				ENABLE_STRICT_OBJC_MSGSEND = YES;
				GCC_C_LANGUAGE_STANDARD = gnu11;
				GCC_NO_COMMON_BLOCKS = YES;
				GCC_WARN_64_TO_32_BIT_CONVERSION = YES;
				GCC_WARN_ABOUT_RETURN_TYPE = YES_ERROR;
				GCC_WARN_UNDECLARED_SELECTOR = YES;
				GCC_WARN_UNINITIALIZED_AUTOS = YES_AGGRESSIVE;
				GCC_WARN_UNUSED_FUNCTION = YES;
				GCC_WARN_UNUSED_VARIABLE = YES;
				IPHONEOS_DEPLOYMENT_TARGET = 13.6;
				MTL_ENABLE_DEBUG_INFO = NO;
				MTL_FAST_MATH = YES;
				SDKROOT = iphoneos;
				SWIFT_COMPILATION_MODE = wholemodule;
				SWIFT_OPTIMIZATION_LEVEL = "-O";
				VALIDATE_PRODUCT = YES;
			};
			name = Release;
		};
		FAA7699F2514D04000750625 /* Debug */ = {
			isa = XCBuildConfiguration;
			baseConfigurationReference = E065748435A875FE58E49C79 /* Pods-GariHub.debug.xcconfig */;
			buildSettings = {
				ASSETCATALOG_COMPILER_APPICON_NAME = AppIcon;
				CODE_SIGN_STYLE = Automatic;
				DEVELOPMENT_TEAM = LKU99754H5;
				INFOPLIST_FILE = GariHub/Info.plist;
				IPHONEOS_DEPLOYMENT_TARGET = 11.0;
				LD_RUNPATH_SEARCH_PATHS = (
					"$(inherited)",
					"@executable_path/Frameworks",
				);
				PRODUCT_BUNDLE_IDENTIFIER = com.garihub;
				PRODUCT_NAME = "$(TARGET_NAME)";
				SWIFT_VERSION = 5.0;
				TARGETED_DEVICE_FAMILY = "1,2";
			};
			name = Debug;
		};
		FAA769A02514D04000750625 /* Release */ = {
			isa = XCBuildConfiguration;
			baseConfigurationReference = F0CE8A8AC63FB5C463002F52 /* Pods-GariHub.release.xcconfig */;
			buildSettings = {
				ASSETCATALOG_COMPILER_APPICON_NAME = AppIcon;
				CODE_SIGN_STYLE = Automatic;
				DEVELOPMENT_TEAM = LKU99754H5;
				INFOPLIST_FILE = GariHub/Info.plist;
				IPHONEOS_DEPLOYMENT_TARGET = 11.0;
				LD_RUNPATH_SEARCH_PATHS = (
					"$(inherited)",
					"@executable_path/Frameworks",
				);
				PRODUCT_BUNDLE_IDENTIFIER = com.garihub;
				PRODUCT_NAME = "$(TARGET_NAME)";
				SWIFT_VERSION = 5.0;
				TARGETED_DEVICE_FAMILY = "1,2";
			};
			name = Release;
		};
		FAA769A22514D04000750625 /* Debug */ = {
			isa = XCBuildConfiguration;
			baseConfigurationReference = 43CF63A1EB5595FF670E692D /* Pods-GariHubTests.debug.xcconfig */;
			buildSettings = {
				ALWAYS_EMBED_SWIFT_STANDARD_LIBRARIES = YES;
				BUNDLE_LOADER = "$(TEST_HOST)";
				CODE_SIGN_STYLE = Automatic;
				DEVELOPMENT_TEAM = 99FHHVY5LH;
				INFOPLIST_FILE = GariHubTests/Info.plist;
				IPHONEOS_DEPLOYMENT_TARGET = 13.6;
				LD_RUNPATH_SEARCH_PATHS = (
					"$(inherited)",
					"@executable_path/Frameworks",
					"@loader_path/Frameworks",
				);
				PRODUCT_BUNDLE_IDENTIFIER = garihub.GariHubTests;
				PRODUCT_NAME = "$(TARGET_NAME)";
				SWIFT_VERSION = 5.0;
				TARGETED_DEVICE_FAMILY = "1,2";
				TEST_HOST = "$(BUILT_PRODUCTS_DIR)/GariHub.app/GariHub";
			};
			name = Debug;
		};
		FAA769A32514D04000750625 /* Release */ = {
			isa = XCBuildConfiguration;
			baseConfigurationReference = 170F2178DC7A9632DAF7E1F0 /* Pods-GariHubTests.release.xcconfig */;
			buildSettings = {
				ALWAYS_EMBED_SWIFT_STANDARD_LIBRARIES = YES;
				BUNDLE_LOADER = "$(TEST_HOST)";
				CODE_SIGN_STYLE = Automatic;
				DEVELOPMENT_TEAM = 99FHHVY5LH;
				INFOPLIST_FILE = GariHubTests/Info.plist;
				IPHONEOS_DEPLOYMENT_TARGET = 13.6;
				LD_RUNPATH_SEARCH_PATHS = (
					"$(inherited)",
					"@executable_path/Frameworks",
					"@loader_path/Frameworks",
				);
				PRODUCT_BUNDLE_IDENTIFIER = garihub.GariHubTests;
				PRODUCT_NAME = "$(TARGET_NAME)";
				SWIFT_VERSION = 5.0;
				TARGETED_DEVICE_FAMILY = "1,2";
				TEST_HOST = "$(BUILT_PRODUCTS_DIR)/GariHub.app/GariHub";
			};
			name = Release;
		};
		FAA769A52514D04000750625 /* Debug */ = {
			isa = XCBuildConfiguration;
			baseConfigurationReference = 5A395FAB874733629ED1E177 /* Pods-GariHub-GariHubUITests.debug.xcconfig */;
			buildSettings = {
				ALWAYS_EMBED_SWIFT_STANDARD_LIBRARIES = YES;
				CODE_SIGN_STYLE = Automatic;
				DEVELOPMENT_TEAM = 99FHHVY5LH;
				INFOPLIST_FILE = GariHubUITests/Info.plist;
				LD_RUNPATH_SEARCH_PATHS = (
					"$(inherited)",
					"@executable_path/Frameworks",
					"@loader_path/Frameworks",
				);
				PRODUCT_BUNDLE_IDENTIFIER = garihub.GariHubUITests;
				PRODUCT_NAME = "$(TARGET_NAME)";
				SWIFT_VERSION = 5.0;
				TARGETED_DEVICE_FAMILY = "1,2";
				TEST_TARGET_NAME = GariHub;
			};
			name = Debug;
		};
		FAA769A62514D04000750625 /* Release */ = {
			isa = XCBuildConfiguration;
			baseConfigurationReference = F581D53E9CA3AF5522F20C9F /* Pods-GariHub-GariHubUITests.release.xcconfig */;
			buildSettings = {
				ALWAYS_EMBED_SWIFT_STANDARD_LIBRARIES = YES;
				CODE_SIGN_STYLE = Automatic;
				DEVELOPMENT_TEAM = 99FHHVY5LH;
				INFOPLIST_FILE = GariHubUITests/Info.plist;
				LD_RUNPATH_SEARCH_PATHS = (
					"$(inherited)",
					"@executable_path/Frameworks",
					"@loader_path/Frameworks",
				);
				PRODUCT_BUNDLE_IDENTIFIER = garihub.GariHubUITests;
				PRODUCT_NAME = "$(TARGET_NAME)";
				SWIFT_VERSION = 5.0;
				TARGETED_DEVICE_FAMILY = "1,2";
				TEST_TARGET_NAME = GariHub;
			};
			name = Release;
		};
/* End XCBuildConfiguration section */

/* Begin XCConfigurationList section */
		FAA7696F2514D03D00750625 /* Build configuration list for PBXProject "GariHub" */ = {
			isa = XCConfigurationList;
			buildConfigurations = (
				FAA7699C2514D04000750625 /* Debug */,
				FAA7699D2514D04000750625 /* Release */,
			);
			defaultConfigurationIsVisible = 0;
			defaultConfigurationName = Release;
		};
		FAA7699E2514D04000750625 /* Build configuration list for PBXNativeTarget "GariHub" */ = {
			isa = XCConfigurationList;
			buildConfigurations = (
				FAA7699F2514D04000750625 /* Debug */,
				FAA769A02514D04000750625 /* Release */,
			);
			defaultConfigurationIsVisible = 0;
			defaultConfigurationName = Release;
		};
		FAA769A12514D04000750625 /* Build configuration list for PBXNativeTarget "GariHubTests" */ = {
			isa = XCConfigurationList;
			buildConfigurations = (
				FAA769A22514D04000750625 /* Debug */,
				FAA769A32514D04000750625 /* Release */,
			);
			defaultConfigurationIsVisible = 0;
			defaultConfigurationName = Release;
		};
		FAA769A42514D04000750625 /* Build configuration list for PBXNativeTarget "GariHubUITests" */ = {
			isa = XCConfigurationList;
			buildConfigurations = (
				FAA769A52514D04000750625 /* Debug */,
				FAA769A62514D04000750625 /* Release */,
			);
			defaultConfigurationIsVisible = 0;
			defaultConfigurationName = Release;
		};
/* End XCConfigurationList section */
	};
	rootObject = FAA7696C2514D03D00750625 /* Project object */;
}
